// !$*UTF8*$!
{
	archiveVersion = 1;
	classes = {
	};
	objectVersion = 46;
	objects = {

/* Begin PBXBuildFile section */
		3FFEEDE8206DD42800EBEEB4 /* main.m in Sources */ = {isa = PBXBuildFile; fileRef = 3FFEEDE7206DD42800EBEEB4 /* main.m */; };
		3FFEEDEB206DD42800EBEEB4 /* AppDelegate.m in Sources */ = {isa = PBXBuildFile; fileRef = 3FFEEDEA206DD42800EBEEB4 /* AppDelegate.m */; };
		3FFEEDEE206DD42800EBEEB4 /* ViewController.m in Sources */ = {isa = PBXBuildFile; fileRef = 3FFEEDED206DD42800EBEEB4 /* ViewController.m */; };
		3FFEEDF1206DD42800EBEEB4 /* Main.storyboard in Resources */ = {isa = PBXBuildFile; fileRef = 3FFEEDEF206DD42800EBEEB4 /* Main.storyboard */; };
		3FFEEDF3206DD42800EBEEB4 /* Assets.xcassets in Resources */ = {isa = PBXBuildFile; fileRef = 3FFEEDF2206DD42800EBEEB4 /* Assets.xcassets */; };
		3FFEEDF6206DD42800EBEEB4 /* LaunchScreen.storyboard in Resources */ = {isa = PBXBuildFile; fileRef = 3FFEEDF4206DD42800EBEEB4 /* LaunchScreen.storyboard */; };
		3FFEEE01206DD42800EBEEB4 /* NSAttributeString__Tests.m in Sources */ = {isa = PBXBuildFile; fileRef = 3FFEEE00206DD42800EBEEB4 /* NSAttributeString__Tests.m */; };
		3FFEEE0C206DD42800EBEEB4 /* NSAttributeString__UITests.m in Sources */ = {isa = PBXBuildFile; fileRef = 3FFEEE0B206DD42800EBEEB4 /* NSAttributeString__UITests.m */; };
/* End PBXBuildFile section */

/* Begin PBXContainerItemProxy section */
		3FFEEDFD206DD42800EBEEB4 /* PBXContainerItemProxy */ = {
			isa = PBXContainerItemProxy;
			containerPortal = 3FFEEDDB206DD42800EBEEB4 /* Project object */;
			proxyType = 1;
			remoteGlobalIDString = 3FFEEDE2206DD42800EBEEB4;
			remoteInfo = "NSAttributeString使用";
		};
		3FFEEE08206DD42800EBEEB4 /* PBXContainerItemProxy */ = {
			isa = PBXContainerItemProxy;
			containerPortal = 3FFEEDDB206DD42800EBEEB4 /* Project object */;
			proxyType = 1;
			remoteGlobalIDString = 3FFEEDE2206DD42800EBEEB4;
			remoteInfo = "NSAttributeString使用";
		};
/* End PBXContainerItemProxy section */

/* Begin PBXFileReference section */
		3FFEEDE3206DD42800EBEEB4 /* NSAttributeString使用.app */ = {isa = PBXFileReference; explicitFileType = wrapper.application; includeInIndex = 0; path = "NSAttributeString使用.app"; sourceTree = BUILT_PRODUCTS_DIR; };
		3FFEEDE7206DD42800EBEEB4 /* main.m */ = {isa = PBXFileReference; lastKnownFileType = sourcecode.c.objc; path = main.m; sourceTree = "<group>"; };
		3FFEEDE9206DD42800EBEEB4 /* AppDelegate.h */ = {isa = PBXFileReference; lastKnownFileType = sourcecode.c.h; path = AppDelegate.h; sourceTree = "<group>"; };
		3FFEEDEA206DD42800EBEEB4 /* AppDelegate.m */ = {isa = PBXFileReference; lastKnownFileType = sourcecode.c.objc; path = AppDelegate.m; sourceTree = "<group>"; };
		3FFEEDEC206DD42800EBEEB4 /* ViewController.h */ = {isa = PBXFileReference; lastKnownFileType = sourcecode.c.h; path = ViewController.h; sourceTree = "<group>"; };
		3FFEEDED206DD42800EBEEB4 /* ViewController.m */ = {isa = PBXFileReference; lastKnownFileType = sourcecode.c.objc; path = ViewController.m; sourceTree = "<group>"; };
		3FFEEDF0206DD42800EBEEB4 /* Base */ = {isa = PBXFileReference; lastKnownFileType = file.storyboard; name = Base; path = Base.lproj/Main.storyboard; sourceTree = "<group>"; };
		3FFEEDF2206DD42800EBEEB4 /* Assets.xcassets */ = {isa = PBXFileReference; lastKnownFileType = folder.assetcatalog; path = Assets.xcassets; sourceTree = "<group>"; };
		3FFEEDF5206DD42800EBEEB4 /* Base */ = {isa = PBXFileReference; lastKnownFileType = file.storyboard; name = Base; path = Base.lproj/LaunchScreen.storyboard; sourceTree = "<group>"; };
		3FFEEDF7206DD42800EBEEB4 /* Info.plist */ = {isa = PBXFileReference; lastKnownFileType = text.plist.xml; path = Info.plist; sourceTree = "<group>"; };
		3FFEEDFC206DD42800EBEEB4 /* NSAttributeString使用Tests.xctest */ = {isa = PBXFileReference; explicitFileType = wrapper.cfbundle; includeInIndex = 0; path = "NSAttributeString使用Tests.xctest"; sourceTree = BUILT_PRODUCTS_DIR; };
		3FFEEE00206DD42800EBEEB4 /* NSAttributeString__Tests.m */ = {isa = PBXFileReference; lastKnownFileType = sourcecode.c.objc; path = NSAttributeString__Tests.m; sourceTree = "<group>"; };
		3FFEEE02206DD42800EBEEB4 /* Info.plist */ = {isa = PBXFileReference; lastKnownFileType = text.plist.xml; path = Info.plist; sourceTree = "<group>"; };
		3FFEEE07206DD42800EBEEB4 /* NSAttributeString使用UITests.xctest */ = {isa = PBXFileReference; explicitFileType = wrapper.cfbundle; includeInIndex = 0; path = "NSAttributeString使用UITests.xctest"; sourceTree = BUILT_PRODUCTS_DIR; };
		3FFEEE0B206DD42800EBEEB4 /* NSAttributeString__UITests.m */ = {isa = PBXFileReference; lastKnownFileType = sourcecode.c.objc; path = NSAttributeString__UITests.m; sourceTree = "<group>"; };
		3FFEEE0D206DD42800EBEEB4 /* Info.plist */ = {isa = PBXFileReference; lastKnownFileType = text.plist.xml; path = Info.plist; sourceTree = "<group>"; };
/* End PBXFileReference section */

/* Begin PBXFrameworksBuildPhase section */
		3FFEEDE0206DD42800EBEEB4 /* Frameworks */ = {
			isa = PBXFrameworksBuildPhase;
			buildActionMask = 2147483647;
			files = (
			);
			runOnlyForDeploymentPostprocessing = 0;
		};
		3FFEEDF9206DD42800EBEEB4 /* Frameworks */ = {
			isa = PBXFrameworksBuildPhase;
			buildActionMask = 2147483647;
			files = (
			);
			runOnlyForDeploymentPostprocessing = 0;
		};
		3FFEEE04206DD42800EBEEB4 /* Frameworks */ = {
			isa = PBXFrameworksBuildPhase;
			buildActionMask = 2147483647;
			files = (
			);
			runOnlyForDeploymentPostprocessing = 0;
		};
/* End PBXFrameworksBuildPhase section */

/* Begin PBXGroup section */
		3FFEEDDA206DD42800EBEEB4 = {
			isa = PBXGroup;
			children = (
				3FFEEDE5206DD42800EBEEB4 /* NSAttributeString使用 */,
				3FFEEDFF206DD42800EBEEB4 /* NSAttributeString使用Tests */,
				3FFEEE0A206DD42800EBEEB4 /* NSAttributeString使用UITests */,
				3FFEEDE4206DD42800EBEEB4 /* Products */,
			);
			sourceTree = "<group>";
		};
		3FFEEDE4206DD42800EBEEB4 /* Products */ = {
			isa = PBXGroup;
			children = (
				3FFEEDE3206DD42800EBEEB4 /* NSAttributeString使用.app */,
				3FFEEDFC206DD42800EBEEB4 /* NSAttributeString使用Tests.xctest */,
				3FFEEE07206DD42800EBEEB4 /* NSAttributeString使用UITests.xctest */,
			);
			name = Products;
			sourceTree = "<group>";
		};
		3FFEEDE5206DD42800EBEEB4 /* NSAttributeString使用 */ = {
			isa = PBXGroup;
			children = (
				3FFEEDE9206DD42800EBEEB4 /* AppDelegate.h */,
				3FFEEDEA206DD42800EBEEB4 /* AppDelegate.m */,
				3FFEEDEC206DD42800EBEEB4 /* ViewController.h */,
				3FFEEDED206DD42800EBEEB4 /* ViewController.m */,
				3FFEEDEF206DD42800EBEEB4 /* Main.storyboard */,
				3FFEEDF2206DD42800EBEEB4 /* Assets.xcassets */,
				3FFEEDF4206DD42800EBEEB4 /* LaunchScreen.storyboard */,
				3FFEEDF7206DD42800EBEEB4 /* Info.plist */,
				3FFEEDE6206DD42800EBEEB4 /* Supporting Files */,
			);
			path = "NSAttributeString使用";
			sourceTree = "<group>";
		};
		3FFEEDE6206DD42800EBEEB4 /* Supporting Files */ = {
			isa = PBXGroup;
			children = (
				3FFEEDE7206DD42800EBEEB4 /* main.m */,
			);
			name = "Supporting Files";
			sourceTree = "<group>";
		};
		3FFEEDFF206DD42800EBEEB4 /* NSAttributeString使用Tests */ = {
			isa = PBXGroup;
			children = (
				3FFEEE00206DD42800EBEEB4 /* NSAttributeString__Tests.m */,
				3FFEEE02206DD42800EBEEB4 /* Info.plist */,
			);
			path = "NSAttributeString使用Tests";
			sourceTree = "<group>";
		};
		3FFEEE0A206DD42800EBEEB4 /* NSAttributeString使用UITests */ = {
			isa = PBXGroup;
			children = (
				3FFEEE0B206DD42800EBEEB4 /* NSAttributeString__UITests.m */,
				3FFEEE0D206DD42800EBEEB4 /* Info.plist */,
			);
			path = "NSAttributeString使用UITests";
			sourceTree = "<group>";
		};
/* End PBXGroup section */

/* Begin PBXNativeTarget section */
		3FFEEDE2206DD42800EBEEB4 /* NSAttributeString使用 */ = {
			isa = PBXNativeTarget;
			buildConfigurationList = 3FFEEE10206DD42800EBEEB4 /* Build configuration list for PBXNativeTarget "NSAttributeString使用" */;
			buildPhases = (
				3FFEEDDF206DD42800EBEEB4 /* Sources */,
				3FFEEDE0206DD42800EBEEB4 /* Frameworks */,
				3FFEEDE1206DD42800EBEEB4 /* Resources */,
			);
			buildRules = (
			);
			dependencies = (
			);
			name = "NSAttributeString使用";
			productName = "NSAttributeString使用";
			productReference = 3FFEEDE3206DD42800EBEEB4 /* NSAttributeString使用.app */;
			productType = "com.apple.product-type.application";
		};
		3FFEEDFB206DD42800EBEEB4 /* NSAttributeString使用Tests */ = {
			isa = PBXNativeTarget;
			buildConfigurationList = 3FFEEE13206DD42800EBEEB4 /* Build configuration list for PBXNativeTarget "NSAttributeString使用Tests" */;
			buildPhases = (
				3FFEEDF8206DD42800EBEEB4 /* Sources */,
				3FFEEDF9206DD42800EBEEB4 /* Frameworks */,
				3FFEEDFA206DD42800EBEEB4 /* Resources */,
			);
			buildRules = (
			);
			dependencies = (
				3FFEEDFE206DD42800EBEEB4 /* PBXTargetDependency */,
			);
			name = "NSAttributeString使用Tests";
			productName = "NSAttributeString使用Tests";
			productReference = 3FFEEDFC206DD42800EBEEB4 /* NSAttributeString使用Tests.xctest */;
			productType = "com.apple.product-type.bundle.unit-test";
		};
		3FFEEE06206DD42800EBEEB4 /* NSAttributeString使用UITests */ = {
			isa = PBXNativeTarget;
			buildConfigurationList = 3FFEEE16206DD42800EBEEB4 /* Build configuration list for PBXNativeTarget "NSAttributeString使用UITests" */;
			buildPhases = (
				3FFEEE03206DD42800EBEEB4 /* Sources */,
				3FFEEE04206DD42800EBEEB4 /* Frameworks */,
				3FFEEE05206DD42800EBEEB4 /* Resources */,
			);
			buildRules = (
			);
			dependencies = (
				3FFEEE09206DD42800EBEEB4 /* PBXTargetDependency */,
			);
			name = "NSAttributeString使用UITests";
			productName = "NSAttributeString使用UITests";
			productReference = 3FFEEE07206DD42800EBEEB4 /* NSAttributeString使用UITests.xctest */;
			productType = "com.apple.product-type.bundle.ui-testing";
		};
/* End PBXNativeTarget section */

/* Begin PBXProject section */
		3FFEEDDB206DD42800EBEEB4 /* Project object */ = {
			isa = PBXProject;
			attributes = {
				LastUpgradeCheck = 0830;
				ORGANIZATIONNAME = student;
				TargetAttributes = {
					3FFEEDE2206DD42800EBEEB4 = {
						CreatedOnToolsVersion = 8.3;
						ProvisioningStyle = Automatic;
					};
					3FFEEDFB206DD42800EBEEB4 = {
						CreatedOnToolsVersion = 8.3;
						ProvisioningStyle = Automatic;
						TestTargetID = 3FFEEDE2206DD42800EBEEB4;
					};
					3FFEEE06206DD42800EBEEB4 = {
						CreatedOnToolsVersion = 8.3;
						ProvisioningStyle = Automatic;
						TestTargetID = 3FFEEDE2206DD42800EBEEB4;
					};
				};
			};
			buildConfigurationList = 3FFEEDDE206DD42800EBEEB4 /* Build configuration list for PBXProject "NSAttributeString使用" */;
			compatibilityVersion = "Xcode 3.2";
			developmentRegion = English;
			hasScannedForEncodings = 0;
			knownRegions = (
				en,
				Base,
			);
			mainGroup = 3FFEEDDA206DD42800EBEEB4;
			productRefGroup = 3FFEEDE4206DD42800EBEEB4 /* Products */;
			projectDirPath = "";
			projectRoot = "";
			targets = (
				3FFEEDE2206DD42800EBEEB4 /* NSAttributeString使用 */,
				3FFEEDFB206DD42800EBEEB4 /* NSAttributeString使用Tests */,
				3FFEEE06206DD42800EBEEB4 /* NSAttributeString使用UITests */,
			);
		};
/* End PBXProject section */

/* Begin PBXResourcesBuildPhase section */
		3FFEEDE1206DD42800EBEEB4 /* Resources */ = {
			isa = PBXResourcesBuildPhase;
			buildActionMask = 2147483647;
			files = (
				3FFEEDF6206DD42800EBEEB4 /* LaunchScreen.storyboard in Resources */,
				3FFEEDF3206DD42800EBEEB4 /* Assets.xcassets in Resources */,
				3FFEEDF1206DD42800EBEEB4 /* Main.storyboard in Resources */,
			);
			runOnlyForDeploymentPostprocessing = 0;
		};
		3FFEEDFA206DD42800EBEEB4 /* Resources */ = {
			isa = PBXResourcesBuildPhase;
			buildActionMask = 2147483647;
			files = (
			);
			runOnlyForDeploymentPostprocessing = 0;
		};
		3FFEEE05206DD42800EBEEB4 /* Resources */ = {
			isa = PBXResourcesBuildPhase;
			buildActionMask = 2147483647;
			files = (
			);
			runOnlyForDeploymentPostprocessing = 0;
		};
/* End PBXResourcesBuildPhase section */

/* Begin PBXSourcesBuildPhase section */
		3FFEEDDF206DD42800EBEEB4 /* Sources */ = {
			isa = PBXSourcesBuildPhase;
			buildActionMask = 2147483647;
			files = (
				3FFEEDEE206DD42800EBEEB4 /* ViewController.m in Sources */,
				3FFEEDEB206DD42800EBEEB4 /* AppDelegate.m in Sources */,
				3FFEEDE8206DD42800EBEEB4 /* main.m in Sources */,
			);
			runOnlyForDeploymentPostprocessing = 0;
		};
		3FFEEDF8206DD42800EBEEB4 /* Sources */ = {
			isa = PBXSourcesBuildPhase;
			buildActionMask = 2147483647;
			files = (
				3FFEEE01206DD42800EBEEB4 /* NSAttributeString__Tests.m in Sources */,
			);
			runOnlyForDeploymentPostprocessing = 0;
		};
		3FFEEE03206DD42800EBEEB4 /* Sources */ = {
			isa = PBXSourcesBuildPhase;
			buildActionMask = 2147483647;
			files = (
				3FFEEE0C206DD42800EBEEB4 /* NSAttributeString__UITests.m in Sources */,
			);
			runOnlyForDeploymentPostprocessing = 0;
		};
/* End PBXSourcesBuildPhase section */

/* Begin PBXTargetDependency section */
		3FFEEDFE206DD42800EBEEB4 /* PBXTargetDependency */ = {
			isa = PBXTargetDependency;
			target = 3FFEEDE2206DD42800EBEEB4 /* NSAttributeString使用 */;
			targetProxy = 3FFEEDFD206DD42800EBEEB4 /* PBXContainerItemProxy */;
		};
		3FFEEE09206DD42800EBEEB4 /* PBXTargetDependency */ = {
			isa = PBXTargetDependency;
			target = 3FFEEDE2206DD42800EBEEB4 /* NSAttributeString使用 */;
			targetProxy = 3FFEEE08206DD42800EBEEB4 /* PBXContainerItemProxy */;
		};
/* End PBXTargetDependency section */

/* Begin PBXVariantGroup section */
		3FFEEDEF206DD42800EBEEB4 /* Main.storyboard */ = {
			isa = PBXVariantGroup;
			children = (
				3FFEEDF0206DD42800EBEEB4 /* Base */,
			);
			name = Main.storyboard;
			sourceTree = "<group>";
		};
		3FFEEDF4206DD42800EBEEB4 /* LaunchScreen.storyboard */ = {
			isa = PBXVariantGroup;
			children = (
				3FFEEDF5206DD42800EBEEB4 /* Base */,
			);
			name = LaunchScreen.storyboard;
			sourceTree = "<group>";
		};
/* End PBXVariantGroup section */

/* Begin XCBuildConfiguration section */
		3FFEEE0E206DD42800EBEEB4 /* Debug */ = {
			isa = XCBuildConfiguration;
			buildSettings = {
				ALWAYS_SEARCH_USER_PATHS = NO;
				CLANG_ANALYZER_NONNULL = YES;
				CLANG_ANALYZER_NUMBER_OBJECT_CONVERSION = YES_AGGRESSIVE;
				CLANG_CXX_LANGUAGE_STANDARD = "gnu++0x";
				CLANG_CXX_LIBRARY = "libc++";
				CLANG_ENABLE_MODULES = YES;
				CLANG_ENABLE_OBJC_ARC = YES;
				CLANG_WARN_BOOL_CONVERSION = YES;
				CLANG_WARN_CONSTANT_CONVERSION = YES;
				CLANG_WARN_DIRECT_OBJC_ISA_USAGE = YES_ERROR;
				CLANG_WARN_DOCUMENTATION_COMMENTS = YES;
				CLANG_WARN_EMPTY_BODY = YES;
				CLANG_WARN_ENUM_CONVERSION = YES;
				CLANG_WARN_INFINITE_RECURSION = YES;
				CLANG_WARN_INT_CONVERSION = YES;
				CLANG_WARN_OBJC_ROOT_CLASS = YES_ERROR;
				CLANG_WARN_SUSPICIOUS_MOVE = YES;
				CLANG_WARN_UNREACHABLE_CODE = YES;
				CLANG_WARN__DUPLICATE_METHOD_MATCH = YES;
				"CODE_SIGN_IDENTITY[sdk=iphoneos*]" = "iPhone Developer";
				COPY_PHASE_STRIP = NO;
				DEBUG_INFORMATION_FORMAT = dwarf;
				ENABLE_STRICT_OBJC_MSGSEND = YES;
				ENABLE_TESTABILITY = YES;
				GCC_C_LANGUAGE_STANDARD = gnu99;
				GCC_DYNAMIC_NO_PIC = NO;
				GCC_NO_COMMON_BLOCKS = YES;
				GCC_OPTIMIZATION_LEVEL = 0;
				GCC_PREPROCESSOR_DEFINITIONS = (
					"DEBUG=1",
					"$(inherited)",
				);
				GCC_WARN_64_TO_32_BIT_CONVERSION = YES;
				GCC_WARN_ABOUT_RETURN_TYPE = YES_ERROR;
				GCC_WARN_UNDECLARED_SELECTOR = YES;
				GCC_WARN_UNINITIALIZED_AUTOS = YES_AGGRESSIVE;
				GCC_WARN_UNUSED_FUNCTION = YES;
				GCC_WARN_UNUSED_VARIABLE = YES;
				IPHONEOS_DEPLOYMENT_TARGET = 10.3;
				MTL_ENABLE_DEBUG_INFO = YES;
				ONLY_ACTIVE_ARCH = YES;
				SDKROOT = iphoneos;
				TARGETED_DEVICE_FAMILY = "1,2";
			};
			name = Debug;
		};
		3FFEEE0F206DD42800EBEEB4 /* Release */ = {
			isa = XCBuildConfiguration;
			buildSettings = {
				ALWAYS_SEARCH_USER_PATHS = NO;
				CLANG_ANALYZER_NONNULL = YES;
				CLANG_ANALYZER_NUMBER_OBJECT_CONVERSION = YES_AGGRESSIVE;
				CLANG_CXX_LANGUAGE_STANDARD = "gnu++0x";
				CLANG_CXX_LIBRARY = "libc++";
				CLANG_ENABLE_MODULES = YES;
				CLANG_ENABLE_OBJC_ARC = YES;
				CLANG_WARN_BOOL_CONVERSION = YES;
				CLANG_WARN_CONSTANT_CONVERSION = YES;
				CLANG_WARN_DIRECT_OBJC_ISA_USAGE = YES_ERROR;
				CLANG_WARN_DOCUMENTATION_COMMENTS = YES;
				CLANG_WARN_EMPTY_BODY = YES;
				CLANG_WARN_ENUM_CONVERSION = YES;
				CLANG_WARN_INFINITE_RECURSION = YES;
				CLANG_WARN_INT_CONVERSION = YES;
				CLANG_WARN_OBJC_ROOT_CLASS = YES_ERROR;
				CLANG_WARN_SUSPICIOUS_MOVE = YES;
				CLANG_WARN_UNREACHABLE_CODE = YES;
				CLANG_WARN__DUPLICATE_METHOD_MATCH = YES;
				"CODE_SIGN_IDENTITY[sdk=iphoneos*]" = "iPhone Developer";
				COPY_PHASE_STRIP = NO;
				DEBUG_INFORMATION_FORMAT = "dwarf-with-dsym";
				ENABLE_NS_ASSERTIONS = NO;
				ENABLE_STRICT_OBJC_MSGSEND = YES;
				GCC_C_LANGUAGE_STANDARD = gnu99;
				GCC_NO_COMMON_BLOCKS = YES;
				GCC_WARN_64_TO_32_BIT_CONVERSION = YES;
				GCC_WARN_ABOUT_RETURN_TYPE = YES_ERROR;
				GCC_WARN_UNDECLARED_SELECTOR = YES;
				GCC_WARN_UNINITIALIZED_AUTOS = YES_AGGRESSIVE;
				GCC_WARN_UNUSED_FUNCTION = YES;
				GCC_WARN_UNUSED_VARIABLE = YES;
				IPHONEOS_DEPLOYMENT_TARGET = 10.3;
				MTL_ENABLE_DEBUG_INFO = NO;
				SDKROOT = iphoneos;
				TARGETED_DEVICE_FAMILY = "1,2";
				VALIDATE_PRODUCT = YES;
			};
			name = Release;
		};
		3FFEEE11206DD42800EBEEB4 /* Debug */ = {
			isa = XCBuildConfiguration;
			buildSettings = {
				ASSETCATALOG_COMPILER_APPICON_NAME = AppIcon;
				INFOPLIST_FILE = "NSAttributeString使用/Info.plist";
				LD_RUNPATH_SEARCH_PATHS = "$(inherited) @executable_path/Frameworks";
				PRODUCT_BUNDLE_IDENTIFIER = "cn.edu.abc.NSAttributeString--";
				PRODUCT_NAME = "$(TARGET_NAME)";
			};
			name = Debug;
		};
		3FFEEE12206DD42800EBEEB4 /* Release */ = {
			isa = XCBuildConfiguration;
			buildSettings = {
				ASSETCATALOG_COMPILER_APPICON_NAME = AppIcon;
				INFOPLIST_FILE = "NSAttributeString使用/Info.plist";
				LD_RUNPATH_SEARCH_PATHS = "$(inherited) @executable_path/Frameworks";
				PRODUCT_BUNDLE_IDENTIFIER = "cn.edu.abc.NSAttributeString--";
				PRODUCT_NAME = "$(TARGET_NAME)";
			};
			name = Release;
		};
		3FFEEE14206DD42800EBEEB4 /* Debug */ = {
			isa = XCBuildConfiguration;
			buildSettings = {
				BUNDLE_LOADER = "$(TEST_HOST)";
				INFOPLIST_FILE = "NSAttributeString使用Tests/Info.plist";
				LD_RUNPATH_SEARCH_PATHS = "$(inherited) @executable_path/Frameworks @loader_path/Frameworks";
				PRODUCT_BUNDLE_IDENTIFIER = "cn.edu.abc.NSAttributeString--Tests";
				PRODUCT_NAME = "$(TARGET_NAME)";
				TEST_HOST = "$(BUILT_PRODUCTS_DIR)/NSAttributeString使用.app/NSAttributeString使用";
			};
			name = Debug;
		};
		3FFEEE15206DD42800EBEEB4 /* Release */ = {
			isa = XCBuildConfiguration;
			buildSettings = {
				BUNDLE_LOADER = "$(TEST_HOST)";
				INFOPLIST_FILE = "NSAttributeString使用Tests/Info.plist";
				LD_RUNPATH_SEARCH_PATHS = "$(inherited) @executable_path/Frameworks @loader_path/Frameworks";
				PRODUCT_BUNDLE_IDENTIFIER = "cn.edu.abc.NSAttributeString--Tests";
				PRODUCT_NAME = "$(TARGET_NAME)";
				TEST_HOST = "$(BUILT_PRODUCTS_DIR)/NSAttributeString使用.app/NSAttributeString使用";
			};
			name = Release;
		};
		3FFEEE17206DD42800EBEEB4 /* Debug */ = {
			isa = XCBuildConfiguration;
			buildSettings = {
				INFOPLIST_FILE = "NSAttributeString使用UITests/Info.plist";
				LD_RUNPATH_SEARCH_PATHS = "$(inherited) @executable_path/Frameworks @loader_path/Frameworks";
				PRODUCT_BUNDLE_IDENTIFIER = "cn.edu.abc.NSAttributeString--UITests";
				PRODUCT_NAME = "$(TARGET_NAME)";
				TEST_TARGET_NAME = "NSAttributeString使用";
			};
			name = Debug;
		};
		3FFEEE18206DD42800EBEEB4 /* Release */ = {
			isa = XCBuildConfiguration;
			buildSettings = {
				INFOPLIST_FILE = "NSAttributeString使用UITests/Info.plist";
				LD_RUNPATH_SEARCH_PATHS = "$(inherited) @executable_path/Frameworks @loader_path/Frameworks";
				PRODUCT_BUNDLE_IDENTIFIER = "cn.edu.abc.NSAttributeString--UITests";
				PRODUCT_NAME = "$(TARGET_NAME)";
				TEST_TARGET_NAME = "NSAttributeString使用";
			};
			name = Release;
		};
/* End XCBuildConfiguration section */

/* Begin XCConfigurationList section */
		3FFEEDDE206DD42800EBEEB4 /* Build configuration list for PBXProject "NSAttributeString使用" */ = {
			isa = XCConfigurationList;
			buildConfigurations = (
				3FFEEE0E206DD42800EBEEB4 /* Debug */,
				3FFEEE0F206DD42800EBEEB4 /* Release */,
			);
			defaultConfigurationIsVisible = 0;
			defaultConfigurationName = Release;
		};
		3FFEEE10206DD42800EBEEB4 /* Build configuration list for PBXNativeTarget "NSAttributeString使用" */ = {
			isa = XCConfigurationList;
			buildConfigurations = (
				3FFEEE11206DD42800EBEEB4 /* Debug */,
				3FFEEE12206DD42800EBEEB4 /* Release */,
			);
			defaultConfigurationIsVisible = 0;
		};
		3FFEEE13206DD42800EBEEB4 /* Build configuration list for PBXNativeTarget "NSAttributeString使用Tests" */ = {
			isa = XCConfigurationList;
			buildConfigurations = (
				3FFEEE14206DD42800EBEEB4 /* Debug */,
				3FFEEE15206DD42800EBEEB4 /* Release */,
			);
			defaultConfigurationIsVisible = 0;
		};
		3FFEEE16206DD42800EBEEB4 /* Build configuration list for PBXNativeTarget "NSAttributeString使用UITests" */ = {
			isa = XCConfigurationList;
			buildConfigurations = (
				3FFEEE17206DD42800EBEEB4 /* Debug */,
				3FFEEE18206DD42800EBEEB4 /* Release */,
			);
			defaultConfigurationIsVisible = 0;
		};
/* End XCConfigurationList section */
	};
	rootObject = 3FFEEDDB206DD42800EBEEB4 /* Project object */;
}
