// !$*UTF8*$!
{
	archiveVersion = 1;
	classes = {
	};
	objectVersion = 46;
	objects = {

/* Begin PBXBuildFile section */
		3F8D793D207D8A58008588D6 /* AppDelegate.m in Sources */ = {isa = PBXBuildFile; fileRef = 3F8D793C207D8A58008588D6 /* AppDelegate.m */; };
		3F8D7940207D8A58008588D6 /* main.m in Sources */ = {isa = PBXBuildFile; fileRef = 3F8D793F207D8A58008588D6 /* main.m */; };
		3F8D7943207D8A58008588D6 /* ViewController.m in Sources */ = {isa = PBXBuildFile; fileRef = 3F8D7942207D8A58008588D6 /* ViewController.m */; };
		3F8D7945207D8A58008588D6 /* Assets.xcassets in Resources */ = {isa = PBXBuildFile; fileRef = 3F8D7944207D8A58008588D6 /* Assets.xcassets */; };
		3F8D7948207D8A58008588D6 /* Main.storyboard in Resources */ = {isa = PBXBuildFile; fileRef = 3F8D7946207D8A58008588D6 /* Main.storyboard */; };
		3F8D7953207D8A58008588D6 /* RadioButtonTests.m in Sources */ = {isa = PBXBuildFile; fileRef = 3F8D7952207D8A58008588D6 /* RadioButtonTests.m */; };
		3F8D795E207D8A58008588D6 /* RadioButtonUITests.m in Sources */ = {isa = PBXBuildFile; fileRef = 3F8D795D207D8A58008588D6 /* RadioButtonUITests.m */; };
/* End PBXBuildFile section */

/* Begin PBXContainerItemProxy section */
		3F8D794F207D8A58008588D6 /* PBXContainerItemProxy */ = {
			isa = PBXContainerItemProxy;
			containerPortal = 3F8D7930207D8A58008588D6 /* Project object */;
			proxyType = 1;
			remoteGlobalIDString = 3F8D7937207D8A58008588D6;
			remoteInfo = RadioButton;
		};
		3F8D795A207D8A58008588D6 /* PBXContainerItemProxy */ = {
			isa = PBXContainerItemProxy;
			containerPortal = 3F8D7930207D8A58008588D6 /* Project object */;
			proxyType = 1;
			remoteGlobalIDString = 3F8D7937207D8A58008588D6;
			remoteInfo = RadioButton;
		};
/* End PBXContainerItemProxy section */

/* Begin PBXFileReference section */
		3F8D7938207D8A58008588D6 /* RadioButton.app */ = {isa = PBXFileReference; explicitFileType = wrapper.application; includeInIndex = 0; path = RadioButton.app; sourceTree = BUILT_PRODUCTS_DIR; };
		3F8D793B207D8A58008588D6 /* AppDelegate.h */ = {isa = PBXFileReference; lastKnownFileType = sourcecode.c.h; path = AppDelegate.h; sourceTree = "<group>"; };
		3F8D793C207D8A58008588D6 /* AppDelegate.m */ = {isa = PBXFileReference; lastKnownFileType = sourcecode.c.objc; path = AppDelegate.m; sourceTree = "<group>"; };
		3F8D793F207D8A58008588D6 /* main.m */ = {isa = PBXFileReference; lastKnownFileType = sourcecode.c.objc; path = main.m; sourceTree = "<group>"; };
		3F8D7941207D8A58008588D6 /* ViewController.h */ = {isa = PBXFileReference; lastKnownFileType = sourcecode.c.h; path = ViewController.h; sourceTree = "<group>"; };
		3F8D7942207D8A58008588D6 /* ViewController.m */ = {isa = PBXFileReference; lastKnownFileType = sourcecode.c.objc; path = ViewController.m; sourceTree = "<group>"; };
		3F8D7944207D8A58008588D6 /* Assets.xcassets */ = {isa = PBXFileReference; lastKnownFileType = folder.assetcatalog; path = Assets.xcassets; sourceTree = "<group>"; };
		3F8D7947207D8A58008588D6 /* Base */ = {isa = PBXFileReference; lastKnownFileType = file.storyboard; name = Base; path = Base.lproj/Main.storyboard; sourceTree = "<group>"; };
		3F8D7949207D8A58008588D6 /* Info.plist */ = {isa = PBXFileReference; lastKnownFileType = text.plist.xml; path = Info.plist; sourceTree = "<group>"; };
		3F8D794E207D8A58008588D6 /* RadioButtonTests.xctest */ = {isa = PBXFileReference; explicitFileType = wrapper.cfbundle; includeInIndex = 0; path = RadioButtonTests.xctest; sourceTree = BUILT_PRODUCTS_DIR; };
		3F8D7952207D8A58008588D6 /* RadioButtonTests.m */ = {isa = PBXFileReference; lastKnownFileType = sourcecode.c.objc; path = RadioButtonTests.m; sourceTree = "<group>"; };
		3F8D7954207D8A58008588D6 /* Info.plist */ = {isa = PBXFileReference; lastKnownFileType = text.plist.xml; path = Info.plist; sourceTree = "<group>"; };
		3F8D7959207D8A58008588D6 /* RadioButtonUITests.xctest */ = {isa = PBXFileReference; explicitFileType = wrapper.cfbundle; includeInIndex = 0; path = RadioButtonUITests.xctest; sourceTree = BUILT_PRODUCTS_DIR; };
		3F8D795D207D8A58008588D6 /* RadioButtonUITests.m */ = {isa = PBXFileReference; lastKnownFileType = sourcecode.c.objc; path = RadioButtonUITests.m; sourceTree = "<group>"; };
		3F8D795F207D8A58008588D6 /* Info.plist */ = {isa = PBXFileReference; lastKnownFileType = text.plist.xml; path = Info.plist; sourceTree = "<group>"; };
/* End PBXFileReference section */

/* Begin PBXFrameworksBuildPhase section */
		3F8D7935207D8A58008588D6 /* Frameworks */ = {
			isa = PBXFrameworksBuildPhase;
			buildActionMask = 2147483647;
			files = (
			);
			runOnlyForDeploymentPostprocessing = 0;
		};
		3F8D794B207D8A58008588D6 /* Frameworks */ = {
			isa = PBXFrameworksBuildPhase;
			buildActionMask = 2147483647;
			files = (
			);
			runOnlyForDeploymentPostprocessing = 0;
		};
		3F8D7956207D8A58008588D6 /* Frameworks */ = {
			isa = PBXFrameworksBuildPhase;
			buildActionMask = 2147483647;
			files = (
			);
			runOnlyForDeploymentPostprocessing = 0;
		};
/* End PBXFrameworksBuildPhase section */

/* Begin PBXGroup section */
		3F8D792F207D8A58008588D6 = {
			isa = PBXGroup;
			children = (
				3F8D793A207D8A58008588D6 /* RadioButton */,
				3F8D7951207D8A58008588D6 /* RadioButtonTests */,
				3F8D795C207D8A58008588D6 /* RadioButtonUITests */,
				3F8D7939207D8A58008588D6 /* Products */,
			);
			sourceTree = "<group>";
		};
		3F8D7939207D8A58008588D6 /* Products */ = {
			isa = PBXGroup;
			children = (
				3F8D7938207D8A58008588D6 /* RadioButton.app */,
				3F8D794E207D8A58008588D6 /* RadioButtonTests.xctest */,
				3F8D7959207D8A58008588D6 /* RadioButtonUITests.xctest */,
			);
			name = Products;
			sourceTree = "<group>";
		};
		3F8D793A207D8A58008588D6 /* RadioButton */ = {
			isa = PBXGroup;
			children = (
				3F8D793B207D8A58008588D6 /* AppDelegate.h */,
				3F8D793C207D8A58008588D6 /* AppDelegate.m */,
				3F8D7941207D8A58008588D6 /* ViewController.h */,
				3F8D7942207D8A58008588D6 /* ViewController.m */,
				3F8D7944207D8A58008588D6 /* Assets.xcassets */,
				3F8D7946207D8A58008588D6 /* Main.storyboard */,
				3F8D7949207D8A58008588D6 /* Info.plist */,
				3F8D793E207D8A58008588D6 /* Supporting Files */,
			);
			path = RadioButton;
			sourceTree = "<group>";
		};
		3F8D793E207D8A58008588D6 /* Supporting Files */ = {
			isa = PBXGroup;
			children = (
				3F8D793F207D8A58008588D6 /* main.m */,
			);
			name = "Supporting Files";
			sourceTree = "<group>";
		};
		3F8D7951207D8A58008588D6 /* RadioButtonTests */ = {
			isa = PBXGroup;
			children = (
				3F8D7952207D8A58008588D6 /* RadioButtonTests.m */,
				3F8D7954207D8A58008588D6 /* Info.plist */,
			);
			path = RadioButtonTests;
			sourceTree = "<group>";
		};
		3F8D795C207D8A58008588D6 /* RadioButtonUITests */ = {
			isa = PBXGroup;
			children = (
				3F8D795D207D8A58008588D6 /* RadioButtonUITests.m */,
				3F8D795F207D8A58008588D6 /* Info.plist */,
			);
			path = RadioButtonUITests;
			sourceTree = "<group>";
		};
/* End PBXGroup section */

/* Begin PBXNativeTarget section */
		3F8D7937207D8A58008588D6 /* RadioButton */ = {
			isa = PBXNativeTarget;
			buildConfigurationList = 3F8D7962207D8A58008588D6 /* Build configuration list for PBXNativeTarget "RadioButton" */;
			buildPhases = (
				3F8D7934207D8A58008588D6 /* Sources */,
				3F8D7935207D8A58008588D6 /* Frameworks */,
				3F8D7936207D8A58008588D6 /* Resources */,
			);
			buildRules = (
			);
			dependencies = (
			);
			name = RadioButton;
			productName = RadioButton;
			productReference = 3F8D7938207D8A58008588D6 /* RadioButton.app */;
			productType = "com.apple.product-type.application";
		};
		3F8D794D207D8A58008588D6 /* RadioButtonTests */ = {
			isa = PBXNativeTarget;
			buildConfigurationList = 3F8D7965207D8A58008588D6 /* Build configuration list for PBXNativeTarget "RadioButtonTests" */;
			buildPhases = (
				3F8D794A207D8A58008588D6 /* Sources */,
				3F8D794B207D8A58008588D6 /* Frameworks */,
				3F8D794C207D8A58008588D6 /* Resources */,
			);
			buildRules = (
			);
			dependencies = (
				3F8D7950207D8A58008588D6 /* PBXTargetDependency */,
			);
			name = RadioButtonTests;
			productName = RadioButtonTests;
			productReference = 3F8D794E207D8A58008588D6 /* RadioButtonTests.xctest */;
			productType = "com.apple.product-type.bundle.unit-test";
		};
		3F8D7958207D8A58008588D6 /* RadioButtonUITests */ = {
			isa = PBXNativeTarget;
			buildConfigurationList = 3F8D7968207D8A58008588D6 /* Build configuration list for PBXNativeTarget "RadioButtonUITests" */;
			buildPhases = (
				3F8D7955207D8A58008588D6 /* Sources */,
				3F8D7956207D8A58008588D6 /* Frameworks */,
				3F8D7957207D8A58008588D6 /* Resources */,
			);
			buildRules = (
			);
			dependencies = (
				3F8D795B207D8A58008588D6 /* PBXTargetDependency */,
			);
			name = RadioButtonUITests;
			productName = RadioButtonUITests;
			productReference = 3F8D7959207D8A58008588D6 /* RadioButtonUITests.xctest */;
			productType = "com.apple.product-type.bundle.ui-testing";
		};
/* End PBXNativeTarget section */

/* Begin PBXProject section */
		3F8D7930207D8A58008588D6 /* Project object */ = {
			isa = PBXProject;
			attributes = {
				LastUpgradeCheck = 0830;
				ORGANIZATIONNAME = student;
				TargetAttributes = {
					3F8D7937207D8A58008588D6 = {
						CreatedOnToolsVersion = 8.3;
						ProvisioningStyle = Automatic;
					};
					3F8D794D207D8A58008588D6 = {
						CreatedOnToolsVersion = 8.3;
						ProvisioningStyle = Automatic;
						TestTargetID = 3F8D7937207D8A58008588D6;
					};
					3F8D7958207D8A58008588D6 = {
						CreatedOnToolsVersion = 8.3;
						ProvisioningStyle = Automatic;
						TestTargetID = 3F8D7937207D8A58008588D6;
					};
				};
			};
			buildConfigurationList = 3F8D7933207D8A58008588D6 /* Build configuration list for PBXProject "RadioButton" */;
			compatibilityVersion = "Xcode 3.2";
			developmentRegion = English;
			hasScannedForEncodings = 0;
			knownRegions = (
				en,
				Base,
			);
			mainGroup = 3F8D792F207D8A58008588D6;
			productRefGroup = 3F8D7939207D8A58008588D6 /* Products */;
			projectDirPath = "";
			projectRoot = "";
			targets = (
				3F8D7937207D8A58008588D6 /* RadioButton */,
				3F8D794D207D8A58008588D6 /* RadioButtonTests */,
				3F8D7958207D8A58008588D6 /* RadioButtonUITests */,
			);
		};
/* End PBXProject section */

/* Begin PBXResourcesBuildPhase section */
		3F8D7936207D8A58008588D6 /* Resources */ = {
			isa = PBXResourcesBuildPhase;
			buildActionMask = 2147483647;
			files = (
				3F8D7945207D8A58008588D6 /* Assets.xcassets in Resources */,
				3F8D7948207D8A58008588D6 /* Main.storyboard in Resources */,
			);
			runOnlyForDeploymentPostprocessing = 0;
		};
		3F8D794C207D8A58008588D6 /* Resources */ = {
			isa = PBXResourcesBuildPhase;
			buildActionMask = 2147483647;
			files = (
			);
			runOnlyForDeploymentPostprocessing = 0;
		};
		3F8D7957207D8A58008588D6 /* Resources */ = {
			isa = PBXResourcesBuildPhase;
			buildActionMask = 2147483647;
			files = (
			);
			runOnlyForDeploymentPostprocessing = 0;
		};
/* End PBXResourcesBuildPhase section */

/* Begin PBXSourcesBuildPhase section */
		3F8D7934207D8A58008588D6 /* Sources */ = {
			isa = PBXSourcesBuildPhase;
			buildActionMask = 2147483647;
			files = (
				3F8D7943207D8A58008588D6 /* ViewController.m in Sources */,
				3F8D7940207D8A58008588D6 /* main.m in Sources */,
				3F8D793D207D8A58008588D6 /* AppDelegate.m in Sources */,
			);
			runOnlyForDeploymentPostprocessing = 0;
		};
		3F8D794A207D8A58008588D6 /* Sources */ = {
			isa = PBXSourcesBuildPhase;
			buildActionMask = 2147483647;
			files = (
				3F8D7953207D8A58008588D6 /* RadioButtonTests.m in Sources */,
			);
			runOnlyForDeploymentPostprocessing = 0;
		};
		3F8D7955207D8A58008588D6 /* Sources */ = {
			isa = PBXSourcesBuildPhase;
			buildActionMask = 2147483647;
			files = (
				3F8D795E207D8A58008588D6 /* RadioButtonUITests.m in Sources */,
			);
			runOnlyForDeploymentPostprocessing = 0;
		};
/* End PBXSourcesBuildPhase section */

/* Begin PBXTargetDependency section */
		3F8D7950207D8A58008588D6 /* PBXTargetDependency */ = {
			isa = PBXTargetDependency;
			target = 3F8D7937207D8A58008588D6 /* RadioButton */;
			targetProxy = 3F8D794F207D8A58008588D6 /* PBXContainerItemProxy */;
		};
		3F8D795B207D8A58008588D6 /* PBXTargetDependency */ = {
			isa = PBXTargetDependency;
			target = 3F8D7937207D8A58008588D6 /* RadioButton */;
			targetProxy = 3F8D795A207D8A58008588D6 /* PBXContainerItemProxy */;
		};
/* End PBXTargetDependency section */

/* Begin PBXVariantGroup section */
		3F8D7946207D8A58008588D6 /* Main.storyboard */ = {
			isa = PBXVariantGroup;
			children = (
				3F8D7947207D8A58008588D6 /* Base */,
			);
			name = Main.storyboard;
			sourceTree = "<group>";
		};
/* End PBXVariantGroup section */

/* Begin XCBuildConfiguration section */
		3F8D7960207D8A58008588D6 /* Debug */ = {
			isa = XCBuildConfiguration;
			buildSettings = {
				ALWAYS_SEARCH_USER_PATHS = NO;
				CLANG_ANALYZER_NONNULL = YES;
				CLANG_ANALYZER_NUMBER_OBJECT_CONVERSION = YES_AGGRESSIVE;
				CLANG_CXX_LANGUAGE_STANDARD = "gnu++0x";
				CLANG_CXX_LIBRARY = "libc++";
				CLANG_ENABLE_MODULES = YES;
				CLANG_ENABLE_OBJC_ARC = YES;
				CLANG_WARN_BOOL_CONVERSION = YES;
				CLANG_WARN_CONSTANT_CONVERSION = YES;
				CLANG_WARN_DIRECT_OBJC_ISA_USAGE = YES_ERROR;
				CLANG_WARN_DOCUMENTATION_COMMENTS = YES;
				CLANG_WARN_EMPTY_BODY = YES;
				CLANG_WARN_ENUM_CONVERSION = YES;
				CLANG_WARN_INFINITE_RECURSION = YES;
				CLANG_WARN_INT_CONVERSION = YES;
				CLANG_WARN_OBJC_ROOT_CLASS = YES_ERROR;
				CLANG_WARN_SUSPICIOUS_MOVE = YES;
				CLANG_WARN_UNREACHABLE_CODE = YES;
				CLANG_WARN__DUPLICATE_METHOD_MATCH = YES;
				CODE_SIGN_IDENTITY = "-";
				COPY_PHASE_STRIP = NO;
				DEBUG_INFORMATION_FORMAT = dwarf;
				ENABLE_STRICT_OBJC_MSGSEND = YES;
				ENABLE_TESTABILITY = YES;
				GCC_C_LANGUAGE_STANDARD = gnu99;
				GCC_DYNAMIC_NO_PIC = NO;
				GCC_NO_COMMON_BLOCKS = YES;
				GCC_OPTIMIZATION_LEVEL = 0;
				GCC_PREPROCESSOR_DEFINITIONS = (
					"DEBUG=1",
					"$(inherited)",
				);
				GCC_WARN_64_TO_32_BIT_CONVERSION = YES;
				GCC_WARN_ABOUT_RETURN_TYPE = YES_ERROR;
				GCC_WARN_UNDECLARED_SELECTOR = YES;
				GCC_WARN_UNINITIALIZED_AUTOS = YES_AGGRESSIVE;
				GCC_WARN_UNUSED_FUNCTION = YES;
				GCC_WARN_UNUSED_VARIABLE = YES;
				MACOSX_DEPLOYMENT_TARGET = 10.12;
				MTL_ENABLE_DEBUG_INFO = YES;
				ONLY_ACTIVE_ARCH = YES;
				SDKROOT = macosx;
			};
			name = Debug;
		};
		3F8D7961207D8A58008588D6 /* Release */ = {
			isa = XCBuildConfiguration;
			buildSettings = {
				ALWAYS_SEARCH_USER_PATHS = NO;
				CLANG_ANALYZER_NONNULL = YES;
				CLANG_ANALYZER_NUMBER_OBJECT_CONVERSION = YES_AGGRESSIVE;
				CLANG_CXX_LANGUAGE_STANDARD = "gnu++0x";
				CLANG_CXX_LIBRARY = "libc++";
				CLANG_ENABLE_MODULES = YES;
				CLANG_ENABLE_OBJC_ARC = YES;
				CLANG_WARN_BOOL_CONVERSION = YES;
				CLANG_WARN_CONSTANT_CONVERSION = YES;
				CLANG_WARN_DIRECT_OBJC_ISA_USAGE = YES_ERROR;
				CLANG_WARN_DOCUMENTATION_COMMENTS = YES;
				CLANG_WARN_EMPTY_BODY = YES;
				CLANG_WARN_ENUM_CONVERSION = YES;
				CLANG_WARN_INFINITE_RECURSION = YES;
				CLANG_WARN_INT_CONVERSION = YES;
				CLANG_WARN_OBJC_ROOT_CLASS = YES_ERROR;
				CLANG_WARN_SUSPICIOUS_MOVE = YES;
				CLANG_WARN_UNREACHABLE_CODE = YES;
				CLANG_WARN__DUPLICATE_METHOD_MATCH = YES;
				CODE_SIGN_IDENTITY = "-";
				COPY_PHASE_STRIP = NO;
				DEBUG_INFORMATION_FORMAT = "dwarf-with-dsym";
				ENABLE_NS_ASSERTIONS = NO;
				ENABLE_STRICT_OBJC_MSGSEND = YES;
				GCC_C_LANGUAGE_STANDARD = gnu99;
				GCC_NO_COMMON_BLOCKS = YES;
				GCC_WARN_64_TO_32_BIT_CONVERSION = YES;
				GCC_WARN_ABOUT_RETURN_TYPE = YES_ERROR;
				GCC_WARN_UNDECLARED_SELECTOR = YES;
				GCC_WARN_UNINITIALIZED_AUTOS = YES_AGGRESSIVE;
				GCC_WARN_UNUSED_FUNCTION = YES;
				GCC_WARN_UNUSED_VARIABLE = YES;
				MACOSX_DEPLOYMENT_TARGET = 10.12;
				MTL_ENABLE_DEBUG_INFO = NO;
				SDKROOT = macosx;
			};
			name = Release;
		};
		3F8D7963207D8A58008588D6 /* Debug */ = {
			isa = XCBuildConfiguration;
			buildSettings = {
				ASSETCATALOG_COMPILER_APPICON_NAME = AppIcon;
				COMBINE_HIDPI_IMAGES = YES;
				INFOPLIST_FILE = RadioButton/Info.plist;
				LD_RUNPATH_SEARCH_PATHS = "$(inherited) @executable_path/../Frameworks";
				PRODUCT_BUNDLE_IDENTIFIER = cn.edu.abc.RadioButton;
				PRODUCT_NAME = "$(TARGET_NAME)";
			};
			name = Debug;
		};
		3F8D7964207D8A58008588D6 /* Release */ = {
			isa = XCBuildConfiguration;
			buildSettings = {
				ASSETCATALOG_COMPILER_APPICON_NAME = AppIcon;
				COMBINE_HIDPI_IMAGES = YES;
				INFOPLIST_FILE = RadioButton/Info.plist;
				LD_RUNPATH_SEARCH_PATHS = "$(inherited) @executable_path/../Frameworks";
				PRODUCT_BUNDLE_IDENTIFIER = cn.edu.abc.RadioButton;
				PRODUCT_NAME = "$(TARGET_NAME)";
			};
			name = Release;
		};
		3F8D7966207D8A58008588D6 /* Debug */ = {
			isa = XCBuildConfiguration;
			buildSettings = {
				BUNDLE_LOADER = "$(TEST_HOST)";
				COMBINE_HIDPI_IMAGES = YES;
				INFOPLIST_FILE = RadioButtonTests/Info.plist;
				LD_RUNPATH_SEARCH_PATHS = "$(inherited) @executable_path/../Frameworks @loader_path/../Frameworks";
				PRODUCT_BUNDLE_IDENTIFIER = cn.edu.abc.RadioButtonTests;
				PRODUCT_NAME = "$(TARGET_NAME)";
				TEST_HOST = "$(BUILT_PRODUCTS_DIR)/RadioButton.app/Contents/MacOS/RadioButton";
			};
			name = Debug;
		};
		3F8D7967207D8A58008588D6 /* Release */ = {
			isa = XCBuildConfiguration;
			buildSettings = {
				BUNDLE_LOADER = "$(TEST_HOST)";
				COMBINE_HIDPI_IMAGES = YES;
				INFOPLIST_FILE = RadioButtonTests/Info.plist;
				LD_RUNPATH_SEARCH_PATHS = "$(inherited) @executable_path/../Frameworks @loader_path/../Frameworks";
				PRODUCT_BUNDLE_IDENTIFIER = cn.edu.abc.RadioButtonTests;
				PRODUCT_NAME = "$(TARGET_NAME)";
				TEST_HOST = "$(BUILT_PRODUCTS_DIR)/RadioButton.app/Contents/MacOS/RadioButton";
			};
			name = Release;
		};
		3F8D7969207D8A58008588D6 /* Debug */ = {
			isa = XCBuildConfiguration;
			buildSettings = {
				COMBINE_HIDPI_IMAGES = YES;
				INFOPLIST_FILE = RadioButtonUITests/Info.plist;
				LD_RUNPATH_SEARCH_PATHS = "$(inherited) @executable_path/../Frameworks @loader_path/../Frameworks";
				PRODUCT_BUNDLE_IDENTIFIER = cn.edu.abc.RadioButtonUITests;
				PRODUCT_NAME = "$(TARGET_NAME)";
				TEST_TARGET_NAME = RadioButton;
			};
			name = Debug;
		};
		3F8D796A207D8A58008588D6 /* Release */ = {
			isa = XCBuildConfiguration;
			buildSettings = {
				COMBINE_HIDPI_IMAGES = YES;
				INFOPLIST_FILE = RadioButtonUITests/Info.plist;
				LD_RUNPATH_SEARCH_PATHS = "$(inherited) @executable_path/../Frameworks @loader_path/../Frameworks";
				PRODUCT_BUNDLE_IDENTIFIER = cn.edu.abc.RadioButtonUITests;
				PRODUCT_NAME = "$(TARGET_NAME)";
				TEST_TARGET_NAME = RadioButton;
			};
			name = Release;
		};
/* End XCBuildConfiguration section */

/* Begin XCConfigurationList section */
		3F8D7933207D8A58008588D6 /* Build configuration list for PBXProject "RadioButton" */ = {
			isa = XCConfigurationList;
			buildConfigurations = (
				3F8D7960207D8A58008588D6 /* Debug */,
				3F8D7961207D8A58008588D6 /* Release */,
			);
			defaultConfigurationIsVisible = 0;
			defaultConfigurationName = Release;
		};
		3F8D7962207D8A58008588D6 /* Build configuration list for PBXNativeTarget "RadioButton" */ = {
			isa = XCConfigurationList;
			buildConfigurations = (
				3F8D7963207D8A58008588D6 /* Debug */,
				3F8D7964207D8A58008588D6 /* Release */,
			);
			defaultConfigurationIsVisible = 0;
		};
		3F8D7965207D8A58008588D6 /* Build configuration list for PBXNativeTarget "RadioButtonTests" */ = {
			isa = XCConfigurationList;
			buildConfigurations = (
				3F8D7966207D8A58008588D6 /* Debug */,
				3F8D7967207D8A58008588D6 /* Release */,
			);
			defaultConfigurationIsVisible = 0;
		};
		3F8D7968207D8A58008588D6 /* Build configuration list for PBXNativeTarget "RadioButtonUITests" */ = {
			isa = XCConfigurationList;
			buildConfigurations = (
				3F8D7969207D8A58008588D6 /* Debug */,
				3F8D796A207D8A58008588D6 /* Release */,
			);
			defaultConfigurationIsVisible = 0;
		};
/* End XCConfigurationList section */
	};
	rootObject = 3F8D7930207D8A58008588D6 /* Project object */;
}
