// !$*UTF8*$!
{
	archiveVersion = 1;
	classes = {
	};
	objectVersion = 46;
	objects = {

/* Begin PBXBuildFile section */
		3F030A2E20AE6B2000D83438 /* AppDelegate.m in Sources */ = {isa = PBXBuildFile; fileRef = 3F030A2D20AE6B2000D83438 /* AppDelegate.m */; };
		3F030A3120AE6B2000D83438 /* main.m in Sources */ = {isa = PBXBuildFile; fileRef = 3F030A3020AE6B2000D83438 /* main.m */; };
		3F030A3420AE6B2000D83438 /* ViewController.m in Sources */ = {isa = PBXBuildFile; fileRef = 3F030A3320AE6B2000D83438 /* ViewController.m */; };
		3F030A3620AE6B2000D83438 /* Assets.xcassets in Resources */ = {isa = PBXBuildFile; fileRef = 3F030A3520AE6B2000D83438 /* Assets.xcassets */; };
		3F030A3920AE6B2000D83438 /* Main.storyboard in Resources */ = {isa = PBXBuildFile; fileRef = 3F030A3720AE6B2000D83438 /* Main.storyboard */; };
		3F030A4420AE6B2000D83438 /* NSPopoverTests.m in Sources */ = {isa = PBXBuildFile; fileRef = 3F030A4320AE6B2000D83438 /* NSPopoverTests.m */; };
		3F030A4F20AE6B2000D83438 /* NSPopoverUITests.m in Sources */ = {isa = PBXBuildFile; fileRef = 3F030A4E20AE6B2000D83438 /* NSPopoverUITests.m */; };
/* End PBXBuildFile section */

/* Begin PBXContainerItemProxy section */
		3F030A4020AE6B2000D83438 /* PBXContainerItemProxy */ = {
			isa = PBXContainerItemProxy;
			containerPortal = 3F030A2120AE6B2000D83438 /* Project object */;
			proxyType = 1;
			remoteGlobalIDString = 3F030A2820AE6B2000D83438;
			remoteInfo = NSPopover;
		};
		3F030A4B20AE6B2000D83438 /* PBXContainerItemProxy */ = {
			isa = PBXContainerItemProxy;
			containerPortal = 3F030A2120AE6B2000D83438 /* Project object */;
			proxyType = 1;
			remoteGlobalIDString = 3F030A2820AE6B2000D83438;
			remoteInfo = NSPopover;
		};
/* End PBXContainerItemProxy section */

/* Begin PBXFileReference section */
		3F030A2920AE6B2000D83438 /* NSPopover.app */ = {isa = PBXFileReference; explicitFileType = wrapper.application; includeInIndex = 0; path = NSPopover.app; sourceTree = BUILT_PRODUCTS_DIR; };
		3F030A2C20AE6B2000D83438 /* AppDelegate.h */ = {isa = PBXFileReference; lastKnownFileType = sourcecode.c.h; path = AppDelegate.h; sourceTree = "<group>"; };
		3F030A2D20AE6B2000D83438 /* AppDelegate.m */ = {isa = PBXFileReference; lastKnownFileType = sourcecode.c.objc; path = AppDelegate.m; sourceTree = "<group>"; };
		3F030A3020AE6B2000D83438 /* main.m */ = {isa = PBXFileReference; lastKnownFileType = sourcecode.c.objc; path = main.m; sourceTree = "<group>"; };
		3F030A3220AE6B2000D83438 /* ViewController.h */ = {isa = PBXFileReference; lastKnownFileType = sourcecode.c.h; path = ViewController.h; sourceTree = "<group>"; };
		3F030A3320AE6B2000D83438 /* ViewController.m */ = {isa = PBXFileReference; lastKnownFileType = sourcecode.c.objc; path = ViewController.m; sourceTree = "<group>"; };
		3F030A3520AE6B2000D83438 /* Assets.xcassets */ = {isa = PBXFileReference; lastKnownFileType = folder.assetcatalog; path = Assets.xcassets; sourceTree = "<group>"; };
		3F030A3820AE6B2000D83438 /* Base */ = {isa = PBXFileReference; lastKnownFileType = file.storyboard; name = Base; path = Base.lproj/Main.storyboard; sourceTree = "<group>"; };
		3F030A3A20AE6B2000D83438 /* Info.plist */ = {isa = PBXFileReference; lastKnownFileType = text.plist.xml; path = Info.plist; sourceTree = "<group>"; };
		3F030A3F20AE6B2000D83438 /* NSPopoverTests.xctest */ = {isa = PBXFileReference; explicitFileType = wrapper.cfbundle; includeInIndex = 0; path = NSPopoverTests.xctest; sourceTree = BUILT_PRODUCTS_DIR; };
		3F030A4320AE6B2000D83438 /* NSPopoverTests.m */ = {isa = PBXFileReference; lastKnownFileType = sourcecode.c.objc; path = NSPopoverTests.m; sourceTree = "<group>"; };
		3F030A4520AE6B2000D83438 /* Info.plist */ = {isa = PBXFileReference; lastKnownFileType = text.plist.xml; path = Info.plist; sourceTree = "<group>"; };
		3F030A4A20AE6B2000D83438 /* NSPopoverUITests.xctest */ = {isa = PBXFileReference; explicitFileType = wrapper.cfbundle; includeInIndex = 0; path = NSPopoverUITests.xctest; sourceTree = BUILT_PRODUCTS_DIR; };
		3F030A4E20AE6B2000D83438 /* NSPopoverUITests.m */ = {isa = PBXFileReference; lastKnownFileType = sourcecode.c.objc; path = NSPopoverUITests.m; sourceTree = "<group>"; };
		3F030A5020AE6B2000D83438 /* Info.plist */ = {isa = PBXFileReference; lastKnownFileType = text.plist.xml; path = Info.plist; sourceTree = "<group>"; };
/* End PBXFileReference section */

/* Begin PBXFrameworksBuildPhase section */
		3F030A2620AE6B2000D83438 /* Frameworks */ = {
			isa = PBXFrameworksBuildPhase;
			buildActionMask = 2147483647;
			files = (
			);
			runOnlyForDeploymentPostprocessing = 0;
		};
		3F030A3C20AE6B2000D83438 /* Frameworks */ = {
			isa = PBXFrameworksBuildPhase;
			buildActionMask = 2147483647;
			files = (
			);
			runOnlyForDeploymentPostprocessing = 0;
		};
		3F030A4720AE6B2000D83438 /* Frameworks */ = {
			isa = PBXFrameworksBuildPhase;
			buildActionMask = 2147483647;
			files = (
			);
			runOnlyForDeploymentPostprocessing = 0;
		};
/* End PBXFrameworksBuildPhase section */

/* Begin PBXGroup section */
		3F030A2020AE6B2000D83438 = {
			isa = PBXGroup;
			children = (
				3F030A2B20AE6B2000D83438 /* NSPopover */,
				3F030A4220AE6B2000D83438 /* NSPopoverTests */,
				3F030A4D20AE6B2000D83438 /* NSPopoverUITests */,
				3F030A2A20AE6B2000D83438 /* Products */,
			);
			sourceTree = "<group>";
		};
		3F030A2A20AE6B2000D83438 /* Products */ = {
			isa = PBXGroup;
			children = (
				3F030A2920AE6B2000D83438 /* NSPopover.app */,
				3F030A3F20AE6B2000D83438 /* NSPopoverTests.xctest */,
				3F030A4A20AE6B2000D83438 /* NSPopoverUITests.xctest */,
			);
			name = Products;
			sourceTree = "<group>";
		};
		3F030A2B20AE6B2000D83438 /* NSPopover */ = {
			isa = PBXGroup;
			children = (
				3F030A2C20AE6B2000D83438 /* AppDelegate.h */,
				3F030A2D20AE6B2000D83438 /* AppDelegate.m */,
				3F030A3220AE6B2000D83438 /* ViewController.h */,
				3F030A3320AE6B2000D83438 /* ViewController.m */,
				3F030A3520AE6B2000D83438 /* Assets.xcassets */,
				3F030A3720AE6B2000D83438 /* Main.storyboard */,
				3F030A3A20AE6B2000D83438 /* Info.plist */,
				3F030A2F20AE6B2000D83438 /* Supporting Files */,
			);
			path = NSPopover;
			sourceTree = "<group>";
		};
		3F030A2F20AE6B2000D83438 /* Supporting Files */ = {
			isa = PBXGroup;
			children = (
				3F030A3020AE6B2000D83438 /* main.m */,
			);
			name = "Supporting Files";
			sourceTree = "<group>";
		};
		3F030A4220AE6B2000D83438 /* NSPopoverTests */ = {
			isa = PBXGroup;
			children = (
				3F030A4320AE6B2000D83438 /* NSPopoverTests.m */,
				3F030A4520AE6B2000D83438 /* Info.plist */,
			);
			path = NSPopoverTests;
			sourceTree = "<group>";
		};
		3F030A4D20AE6B2000D83438 /* NSPopoverUITests */ = {
			isa = PBXGroup;
			children = (
				3F030A4E20AE6B2000D83438 /* NSPopoverUITests.m */,
				3F030A5020AE6B2000D83438 /* Info.plist */,
			);
			path = NSPopoverUITests;
			sourceTree = "<group>";
		};
/* End PBXGroup section */

/* Begin PBXNativeTarget section */
		3F030A2820AE6B2000D83438 /* NSPopover */ = {
			isa = PBXNativeTarget;
			buildConfigurationList = 3F030A5320AE6B2000D83438 /* Build configuration list for PBXNativeTarget "NSPopover" */;
			buildPhases = (
				3F030A2520AE6B2000D83438 /* Sources */,
				3F030A2620AE6B2000D83438 /* Frameworks */,
				3F030A2720AE6B2000D83438 /* Resources */,
			);
			buildRules = (
			);
			dependencies = (
			);
			name = NSPopover;
			productName = NSPopover;
			productReference = 3F030A2920AE6B2000D83438 /* NSPopover.app */;
			productType = "com.apple.product-type.application";
		};
		3F030A3E20AE6B2000D83438 /* NSPopoverTests */ = {
			isa = PBXNativeTarget;
			buildConfigurationList = 3F030A5620AE6B2000D83438 /* Build configuration list for PBXNativeTarget "NSPopoverTests" */;
			buildPhases = (
				3F030A3B20AE6B2000D83438 /* Sources */,
				3F030A3C20AE6B2000D83438 /* Frameworks */,
				3F030A3D20AE6B2000D83438 /* Resources */,
			);
			buildRules = (
			);
			dependencies = (
				3F030A4120AE6B2000D83438 /* PBXTargetDependency */,
			);
			name = NSPopoverTests;
			productName = NSPopoverTests;
			productReference = 3F030A3F20AE6B2000D83438 /* NSPopoverTests.xctest */;
			productType = "com.apple.product-type.bundle.unit-test";
		};
		3F030A4920AE6B2000D83438 /* NSPopoverUITests */ = {
			isa = PBXNativeTarget;
			buildConfigurationList = 3F030A5920AE6B2000D83438 /* Build configuration list for PBXNativeTarget "NSPopoverUITests" */;
			buildPhases = (
				3F030A4620AE6B2000D83438 /* Sources */,
				3F030A4720AE6B2000D83438 /* Frameworks */,
				3F030A4820AE6B2000D83438 /* Resources */,
			);
			buildRules = (
			);
			dependencies = (
				3F030A4C20AE6B2000D83438 /* PBXTargetDependency */,
			);
			name = NSPopoverUITests;
			productName = NSPopoverUITests;
			productReference = 3F030A4A20AE6B2000D83438 /* NSPopoverUITests.xctest */;
			productType = "com.apple.product-type.bundle.ui-testing";
		};
/* End PBXNativeTarget section */

/* Begin PBXProject section */
		3F030A2120AE6B2000D83438 /* Project object */ = {
			isa = PBXProject;
			attributes = {
				LastUpgradeCheck = 0830;
				ORGANIZATIONNAME = student;
				TargetAttributes = {
					3F030A2820AE6B2000D83438 = {
						CreatedOnToolsVersion = 8.3;
						ProvisioningStyle = Automatic;
					};
					3F030A3E20AE6B2000D83438 = {
						CreatedOnToolsVersion = 8.3;
						ProvisioningStyle = Automatic;
						TestTargetID = 3F030A2820AE6B2000D83438;
					};
					3F030A4920AE6B2000D83438 = {
						CreatedOnToolsVersion = 8.3;
						ProvisioningStyle = Automatic;
						TestTargetID = 3F030A2820AE6B2000D83438;
					};
				};
			};
			buildConfigurationList = 3F030A2420AE6B2000D83438 /* Build configuration list for PBXProject "NSPopover" */;
			compatibilityVersion = "Xcode 3.2";
			developmentRegion = English;
			hasScannedForEncodings = 0;
			knownRegions = (
				en,
				Base,
			);
			mainGroup = 3F030A2020AE6B2000D83438;
			productRefGroup = 3F030A2A20AE6B2000D83438 /* Products */;
			projectDirPath = "";
			projectRoot = "";
			targets = (
				3F030A2820AE6B2000D83438 /* NSPopover */,
				3F030A3E20AE6B2000D83438 /* NSPopoverTests */,
				3F030A4920AE6B2000D83438 /* NSPopoverUITests */,
			);
		};
/* End PBXProject section */

/* Begin PBXResourcesBuildPhase section */
		3F030A2720AE6B2000D83438 /* Resources */ = {
			isa = PBXResourcesBuildPhase;
			buildActionMask = 2147483647;
			files = (
				3F030A3620AE6B2000D83438 /* Assets.xcassets in Resources */,
				3F030A3920AE6B2000D83438 /* Main.storyboard in Resources */,
			);
			runOnlyForDeploymentPostprocessing = 0;
		};
		3F030A3D20AE6B2000D83438 /* Resources */ = {
			isa = PBXResourcesBuildPhase;
			buildActionMask = 2147483647;
			files = (
			);
			runOnlyForDeploymentPostprocessing = 0;
		};
		3F030A4820AE6B2000D83438 /* Resources */ = {
			isa = PBXResourcesBuildPhase;
			buildActionMask = 2147483647;
			files = (
			);
			runOnlyForDeploymentPostprocessing = 0;
		};
/* End PBXResourcesBuildPhase section */

/* Begin PBXSourcesBuildPhase section */
		3F030A2520AE6B2000D83438 /* Sources */ = {
			isa = PBXSourcesBuildPhase;
			buildActionMask = 2147483647;
			files = (
				3F030A3420AE6B2000D83438 /* ViewController.m in Sources */,
				3F030A3120AE6B2000D83438 /* main.m in Sources */,
				3F030A2E20AE6B2000D83438 /* AppDelegate.m in Sources */,
			);
			runOnlyForDeploymentPostprocessing = 0;
		};
		3F030A3B20AE6B2000D83438 /* Sources */ = {
			isa = PBXSourcesBuildPhase;
			buildActionMask = 2147483647;
			files = (
				3F030A4420AE6B2000D83438 /* NSPopoverTests.m in Sources */,
			);
			runOnlyForDeploymentPostprocessing = 0;
		};
		3F030A4620AE6B2000D83438 /* Sources */ = {
			isa = PBXSourcesBuildPhase;
			buildActionMask = 2147483647;
			files = (
				3F030A4F20AE6B2000D83438 /* NSPopoverUITests.m in Sources */,
			);
			runOnlyForDeploymentPostprocessing = 0;
		};
/* End PBXSourcesBuildPhase section */

/* Begin PBXTargetDependency section */
		3F030A4120AE6B2000D83438 /* PBXTargetDependency */ = {
			isa = PBXTargetDependency;
			target = 3F030A2820AE6B2000D83438 /* NSPopover */;
			targetProxy = 3F030A4020AE6B2000D83438 /* PBXContainerItemProxy */;
		};
		3F030A4C20AE6B2000D83438 /* PBXTargetDependency */ = {
			isa = PBXTargetDependency;
			target = 3F030A2820AE6B2000D83438 /* NSPopover */;
			targetProxy = 3F030A4B20AE6B2000D83438 /* PBXContainerItemProxy */;
		};
/* End PBXTargetDependency section */

/* Begin PBXVariantGroup section */
		3F030A3720AE6B2000D83438 /* Main.storyboard */ = {
			isa = PBXVariantGroup;
			children = (
				3F030A3820AE6B2000D83438 /* Base */,
			);
			name = Main.storyboard;
			sourceTree = "<group>";
		};
/* End PBXVariantGroup section */

/* Begin XCBuildConfiguration section */
		3F030A5120AE6B2000D83438 /* Debug */ = {
			isa = XCBuildConfiguration;
			buildSettings = {
				ALWAYS_SEARCH_USER_PATHS = NO;
				CLANG_ANALYZER_NONNULL = YES;
				CLANG_ANALYZER_NUMBER_OBJECT_CONVERSION = YES_AGGRESSIVE;
				CLANG_CXX_LANGUAGE_STANDARD = "gnu++0x";
				CLANG_CXX_LIBRARY = "libc++";
				CLANG_ENABLE_MODULES = YES;
				CLANG_ENABLE_OBJC_ARC = YES;
				CLANG_WARN_BOOL_CONVERSION = YES;
				CLANG_WARN_CONSTANT_CONVERSION = YES;
				CLANG_WARN_DIRECT_OBJC_ISA_USAGE = YES_ERROR;
				CLANG_WARN_DOCUMENTATION_COMMENTS = YES;
				CLANG_WARN_EMPTY_BODY = YES;
				CLANG_WARN_ENUM_CONVERSION = YES;
				CLANG_WARN_INFINITE_RECURSION = YES;
				CLANG_WARN_INT_CONVERSION = YES;
				CLANG_WARN_OBJC_ROOT_CLASS = YES_ERROR;
				CLANG_WARN_SUSPICIOUS_MOVE = YES;
				CLANG_WARN_UNREACHABLE_CODE = YES;
				CLANG_WARN__DUPLICATE_METHOD_MATCH = YES;
				CODE_SIGN_IDENTITY = "-";
				COPY_PHASE_STRIP = NO;
				DEBUG_INFORMATION_FORMAT = dwarf;
				ENABLE_STRICT_OBJC_MSGSEND = YES;
				ENABLE_TESTABILITY = YES;
				GCC_C_LANGUAGE_STANDARD = gnu99;
				GCC_DYNAMIC_NO_PIC = NO;
				GCC_NO_COMMON_BLOCKS = YES;
				GCC_OPTIMIZATION_LEVEL = 0;
				GCC_PREPROCESSOR_DEFINITIONS = (
					"DEBUG=1",
					"$(inherited)",
				);
				GCC_WARN_64_TO_32_BIT_CONVERSION = YES;
				GCC_WARN_ABOUT_RETURN_TYPE = YES_ERROR;
				GCC_WARN_UNDECLARED_SELECTOR = YES;
				GCC_WARN_UNINITIALIZED_AUTOS = YES_AGGRESSIVE;
				GCC_WARN_UNUSED_FUNCTION = YES;
				GCC_WARN_UNUSED_VARIABLE = YES;
				MACOSX_DEPLOYMENT_TARGET = 10.12;
				MTL_ENABLE_DEBUG_INFO = YES;
				ONLY_ACTIVE_ARCH = YES;
				SDKROOT = macosx;
			};
			name = Debug;
		};
		3F030A5220AE6B2000D83438 /* Release */ = {
			isa = XCBuildConfiguration;
			buildSettings = {
				ALWAYS_SEARCH_USER_PATHS = NO;
				CLANG_ANALYZER_NONNULL = YES;
				CLANG_ANALYZER_NUMBER_OBJECT_CONVERSION = YES_AGGRESSIVE;
				CLANG_CXX_LANGUAGE_STANDARD = "gnu++0x";
				CLANG_CXX_LIBRARY = "libc++";
				CLANG_ENABLE_MODULES = YES;
				CLANG_ENABLE_OBJC_ARC = YES;
				CLANG_WARN_BOOL_CONVERSION = YES;
				CLANG_WARN_CONSTANT_CONVERSION = YES;
				CLANG_WARN_DIRECT_OBJC_ISA_USAGE = YES_ERROR;
				CLANG_WARN_DOCUMENTATION_COMMENTS = YES;
				CLANG_WARN_EMPTY_BODY = YES;
				CLANG_WARN_ENUM_CONVERSION = YES;
				CLANG_WARN_INFINITE_RECURSION = YES;
				CLANG_WARN_INT_CONVERSION = YES;
				CLANG_WARN_OBJC_ROOT_CLASS = YES_ERROR;
				CLANG_WARN_SUSPICIOUS_MOVE = YES;
				CLANG_WARN_UNREACHABLE_CODE = YES;
				CLANG_WARN__DUPLICATE_METHOD_MATCH = YES;
				CODE_SIGN_IDENTITY = "-";
				COPY_PHASE_STRIP = NO;
				DEBUG_INFORMATION_FORMAT = "dwarf-with-dsym";
				ENABLE_NS_ASSERTIONS = NO;
				ENABLE_STRICT_OBJC_MSGSEND = YES;
				GCC_C_LANGUAGE_STANDARD = gnu99;
				GCC_NO_COMMON_BLOCKS = YES;
				GCC_WARN_64_TO_32_BIT_CONVERSION = YES;
				GCC_WARN_ABOUT_RETURN_TYPE = YES_ERROR;
				GCC_WARN_UNDECLARED_SELECTOR = YES;
				GCC_WARN_UNINITIALIZED_AUTOS = YES_AGGRESSIVE;
				GCC_WARN_UNUSED_FUNCTION = YES;
				GCC_WARN_UNUSED_VARIABLE = YES;
				MACOSX_DEPLOYMENT_TARGET = 10.12;
				MTL_ENABLE_DEBUG_INFO = NO;
				SDKROOT = macosx;
			};
			name = Release;
		};
		3F030A5420AE6B2000D83438 /* Debug */ = {
			isa = XCBuildConfiguration;
			buildSettings = {
				ASSETCATALOG_COMPILER_APPICON_NAME = AppIcon;
				COMBINE_HIDPI_IMAGES = YES;
				INFOPLIST_FILE = NSPopover/Info.plist;
				LD_RUNPATH_SEARCH_PATHS = "$(inherited) @executable_path/../Frameworks";
				PRODUCT_BUNDLE_IDENTIFIER = cn.edu.abc.NSPopover;
				PRODUCT_NAME = "$(TARGET_NAME)";
			};
			name = Debug;
		};
		3F030A5520AE6B2000D83438 /* Release */ = {
			isa = XCBuildConfiguration;
			buildSettings = {
				ASSETCATALOG_COMPILER_APPICON_NAME = AppIcon;
				COMBINE_HIDPI_IMAGES = YES;
				INFOPLIST_FILE = NSPopover/Info.plist;
				LD_RUNPATH_SEARCH_PATHS = "$(inherited) @executable_path/../Frameworks";
				PRODUCT_BUNDLE_IDENTIFIER = cn.edu.abc.NSPopover;
				PRODUCT_NAME = "$(TARGET_NAME)";
			};
			name = Release;
		};
		3F030A5720AE6B2000D83438 /* Debug */ = {
			isa = XCBuildConfiguration;
			buildSettings = {
				BUNDLE_LOADER = "$(TEST_HOST)";
				COMBINE_HIDPI_IMAGES = YES;
				INFOPLIST_FILE = NSPopoverTests/Info.plist;
				LD_RUNPATH_SEARCH_PATHS = "$(inherited) @executable_path/../Frameworks @loader_path/../Frameworks";
				PRODUCT_BUNDLE_IDENTIFIER = cn.edu.abc.NSPopoverTests;
				PRODUCT_NAME = "$(TARGET_NAME)";
				TEST_HOST = "$(BUILT_PRODUCTS_DIR)/NSPopover.app/Contents/MacOS/NSPopover";
			};
			name = Debug;
		};
		3F030A5820AE6B2000D83438 /* Release */ = {
			isa = XCBuildConfiguration;
			buildSettings = {
				BUNDLE_LOADER = "$(TEST_HOST)";
				COMBINE_HIDPI_IMAGES = YES;
				INFOPLIST_FILE = NSPopoverTests/Info.plist;
				LD_RUNPATH_SEARCH_PATHS = "$(inherited) @executable_path/../Frameworks @loader_path/../Frameworks";
				PRODUCT_BUNDLE_IDENTIFIER = cn.edu.abc.NSPopoverTests;
				PRODUCT_NAME = "$(TARGET_NAME)";
				TEST_HOST = "$(BUILT_PRODUCTS_DIR)/NSPopover.app/Contents/MacOS/NSPopover";
			};
			name = Release;
		};
		3F030A5A20AE6B2000D83438 /* Debug */ = {
			isa = XCBuildConfiguration;
			buildSettings = {
				COMBINE_HIDPI_IMAGES = YES;
				INFOPLIST_FILE = NSPopoverUITests/Info.plist;
				LD_RUNPATH_SEARCH_PATHS = "$(inherited) @executable_path/../Frameworks @loader_path/../Frameworks";
				PRODUCT_BUNDLE_IDENTIFIER = cn.edu.abc.NSPopoverUITests;
				PRODUCT_NAME = "$(TARGET_NAME)";
				TEST_TARGET_NAME = NSPopover;
			};
			name = Debug;
		};
		3F030A5B20AE6B2000D83438 /* Release */ = {
			isa = XCBuildConfiguration;
			buildSettings = {
				COMBINE_HIDPI_IMAGES = YES;
				INFOPLIST_FILE = NSPopoverUITests/Info.plist;
				LD_RUNPATH_SEARCH_PATHS = "$(inherited) @executable_path/../Frameworks @loader_path/../Frameworks";
				PRODUCT_BUNDLE_IDENTIFIER = cn.edu.abc.NSPopoverUITests;
				PRODUCT_NAME = "$(TARGET_NAME)";
				TEST_TARGET_NAME = NSPopover;
			};
			name = Release;
		};
/* End XCBuildConfiguration section */

/* Begin XCConfigurationList section */
		3F030A2420AE6B2000D83438 /* Build configuration list for PBXProject "NSPopover" */ = {
			isa = XCConfigurationList;
			buildConfigurations = (
				3F030A5120AE6B2000D83438 /* Debug */,
				3F030A5220AE6B2000D83438 /* Release */,
			);
			defaultConfigurationIsVisible = 0;
			defaultConfigurationName = Release;
		};
		3F030A5320AE6B2000D83438 /* Build configuration list for PBXNativeTarget "NSPopover" */ = {
			isa = XCConfigurationList;
			buildConfigurations = (
				3F030A5420AE6B2000D83438 /* Debug */,
				3F030A5520AE6B2000D83438 /* Release */,
			);
			defaultConfigurationIsVisible = 0;
		};
		3F030A5620AE6B2000D83438 /* Build configuration list for PBXNativeTarget "NSPopoverTests" */ = {
			isa = XCConfigurationList;
			buildConfigurations = (
				3F030A5720AE6B2000D83438 /* Debug */,
				3F030A5820AE6B2000D83438 /* Release */,
			);
			defaultConfigurationIsVisible = 0;
		};
		3F030A5920AE6B2000D83438 /* Build configuration list for PBXNativeTarget "NSPopoverUITests" */ = {
			isa = XCConfigurationList;
			buildConfigurations = (
				3F030A5A20AE6B2000D83438 /* Debug */,
				3F030A5B20AE6B2000D83438 /* Release */,
			);
			defaultConfigurationIsVisible = 0;
		};
/* End XCConfigurationList section */
	};
	rootObject = 3F030A2120AE6B2000D83438 /* Project object */;
}
