// !$*UTF8*$!
{
	archiveVersion = 1;
	classes = {
	};
	objectVersion = 46;
	objects = {

/* Begin PBXBuildFile section */
		3FEE2D3520A90A8B000FAACB /* AppDelegate.m in Sources */ = {isa = PBXBuildFile; fileRef = 3FEE2D3420A90A8B000FAACB /* AppDelegate.m */; };
		3FEE2D3820A90A8B000FAACB /* main.m in Sources */ = {isa = PBXBuildFile; fileRef = 3FEE2D3720A90A8B000FAACB /* main.m */; };
		3FEE2D3B20A90A8B000FAACB /* ViewController.m in Sources */ = {isa = PBXBuildFile; fileRef = 3FEE2D3A20A90A8B000FAACB /* ViewController.m */; };
		3FEE2D3D20A90A8B000FAACB /* Assets.xcassets in Resources */ = {isa = PBXBuildFile; fileRef = 3FEE2D3C20A90A8B000FAACB /* Assets.xcassets */; };
		3FEE2D4020A90A8B000FAACB /* Main.storyboard in Resources */ = {isa = PBXBuildFile; fileRef = 3FEE2D3E20A90A8B000FAACB /* Main.storyboard */; };
		3FEE2D4B20A90A8B000FAACB /* NSSplitView__Tests.m in Sources */ = {isa = PBXBuildFile; fileRef = 3FEE2D4A20A90A8B000FAACB /* NSSplitView__Tests.m */; };
		3FEE2D5620A90A8B000FAACB /* NSSplitView__UITests.m in Sources */ = {isa = PBXBuildFile; fileRef = 3FEE2D5520A90A8B000FAACB /* NSSplitView__UITests.m */; };
/* End PBXBuildFile section */

/* Begin PBXContainerItemProxy section */
		3FEE2D4720A90A8B000FAACB /* PBXContainerItemProxy */ = {
			isa = PBXContainerItemProxy;
			containerPortal = 3FEE2D2820A90A8B000FAACB /* Project object */;
			proxyType = 1;
			remoteGlobalIDString = 3FEE2D2F20A90A8B000FAACB;
			remoteInfo = "NSSplitView使用";
		};
		3FEE2D5220A90A8B000FAACB /* PBXContainerItemProxy */ = {
			isa = PBXContainerItemProxy;
			containerPortal = 3FEE2D2820A90A8B000FAACB /* Project object */;
			proxyType = 1;
			remoteGlobalIDString = 3FEE2D2F20A90A8B000FAACB;
			remoteInfo = "NSSplitView使用";
		};
/* End PBXContainerItemProxy section */

/* Begin PBXFileReference section */
		3FEE2D3020A90A8B000FAACB /* NSSplitView使用.app */ = {isa = PBXFileReference; explicitFileType = wrapper.application; includeInIndex = 0; path = "NSSplitView使用.app"; sourceTree = BUILT_PRODUCTS_DIR; };
		3FEE2D3320A90A8B000FAACB /* AppDelegate.h */ = {isa = PBXFileReference; lastKnownFileType = sourcecode.c.h; path = AppDelegate.h; sourceTree = "<group>"; };
		3FEE2D3420A90A8B000FAACB /* AppDelegate.m */ = {isa = PBXFileReference; lastKnownFileType = sourcecode.c.objc; path = AppDelegate.m; sourceTree = "<group>"; };
		3FEE2D3720A90A8B000FAACB /* main.m */ = {isa = PBXFileReference; lastKnownFileType = sourcecode.c.objc; path = main.m; sourceTree = "<group>"; };
		3FEE2D3920A90A8B000FAACB /* ViewController.h */ = {isa = PBXFileReference; lastKnownFileType = sourcecode.c.h; path = ViewController.h; sourceTree = "<group>"; };
		3FEE2D3A20A90A8B000FAACB /* ViewController.m */ = {isa = PBXFileReference; lastKnownFileType = sourcecode.c.objc; path = ViewController.m; sourceTree = "<group>"; };
		3FEE2D3C20A90A8B000FAACB /* Assets.xcassets */ = {isa = PBXFileReference; lastKnownFileType = folder.assetcatalog; path = Assets.xcassets; sourceTree = "<group>"; };
		3FEE2D3F20A90A8B000FAACB /* Base */ = {isa = PBXFileReference; lastKnownFileType = file.storyboard; name = Base; path = Base.lproj/Main.storyboard; sourceTree = "<group>"; };
		3FEE2D4120A90A8B000FAACB /* Info.plist */ = {isa = PBXFileReference; lastKnownFileType = text.plist.xml; path = Info.plist; sourceTree = "<group>"; };
		3FEE2D4620A90A8B000FAACB /* NSSplitView使用Tests.xctest */ = {isa = PBXFileReference; explicitFileType = wrapper.cfbundle; includeInIndex = 0; path = "NSSplitView使用Tests.xctest"; sourceTree = BUILT_PRODUCTS_DIR; };
		3FEE2D4A20A90A8B000FAACB /* NSSplitView__Tests.m */ = {isa = PBXFileReference; lastKnownFileType = sourcecode.c.objc; path = NSSplitView__Tests.m; sourceTree = "<group>"; };
		3FEE2D4C20A90A8B000FAACB /* Info.plist */ = {isa = PBXFileReference; lastKnownFileType = text.plist.xml; path = Info.plist; sourceTree = "<group>"; };
		3FEE2D5120A90A8B000FAACB /* NSSplitView使用UITests.xctest */ = {isa = PBXFileReference; explicitFileType = wrapper.cfbundle; includeInIndex = 0; path = "NSSplitView使用UITests.xctest"; sourceTree = BUILT_PRODUCTS_DIR; };
		3FEE2D5520A90A8B000FAACB /* NSSplitView__UITests.m */ = {isa = PBXFileReference; lastKnownFileType = sourcecode.c.objc; path = NSSplitView__UITests.m; sourceTree = "<group>"; };
		3FEE2D5720A90A8B000FAACB /* Info.plist */ = {isa = PBXFileReference; lastKnownFileType = text.plist.xml; path = Info.plist; sourceTree = "<group>"; };
/* End PBXFileReference section */

/* Begin PBXFrameworksBuildPhase section */
		3FEE2D2D20A90A8B000FAACB /* Frameworks */ = {
			isa = PBXFrameworksBuildPhase;
			buildActionMask = 2147483647;
			files = (
			);
			runOnlyForDeploymentPostprocessing = 0;
		};
		3FEE2D4320A90A8B000FAACB /* Frameworks */ = {
			isa = PBXFrameworksBuildPhase;
			buildActionMask = 2147483647;
			files = (
			);
			runOnlyForDeploymentPostprocessing = 0;
		};
		3FEE2D4E20A90A8B000FAACB /* Frameworks */ = {
			isa = PBXFrameworksBuildPhase;
			buildActionMask = 2147483647;
			files = (
			);
			runOnlyForDeploymentPostprocessing = 0;
		};
/* End PBXFrameworksBuildPhase section */

/* Begin PBXGroup section */
		3FEE2D2720A90A8B000FAACB = {
			isa = PBXGroup;
			children = (
				3FEE2D3220A90A8B000FAACB /* NSSplitView使用 */,
				3FEE2D4920A90A8B000FAACB /* NSSplitView使用Tests */,
				3FEE2D5420A90A8B000FAACB /* NSSplitView使用UITests */,
				3FEE2D3120A90A8B000FAACB /* Products */,
			);
			sourceTree = "<group>";
		};
		3FEE2D3120A90A8B000FAACB /* Products */ = {
			isa = PBXGroup;
			children = (
				3FEE2D3020A90A8B000FAACB /* NSSplitView使用.app */,
				3FEE2D4620A90A8B000FAACB /* NSSplitView使用Tests.xctest */,
				3FEE2D5120A90A8B000FAACB /* NSSplitView使用UITests.xctest */,
			);
			name = Products;
			sourceTree = "<group>";
		};
		3FEE2D3220A90A8B000FAACB /* NSSplitView使用 */ = {
			isa = PBXGroup;
			children = (
				3FEE2D3320A90A8B000FAACB /* AppDelegate.h */,
				3FEE2D3420A90A8B000FAACB /* AppDelegate.m */,
				3FEE2D3920A90A8B000FAACB /* ViewController.h */,
				3FEE2D3A20A90A8B000FAACB /* ViewController.m */,
				3FEE2D3C20A90A8B000FAACB /* Assets.xcassets */,
				3FEE2D3E20A90A8B000FAACB /* Main.storyboard */,
				3FEE2D4120A90A8B000FAACB /* Info.plist */,
				3FEE2D3620A90A8B000FAACB /* Supporting Files */,
			);
			path = "NSSplitView使用";
			sourceTree = "<group>";
		};
		3FEE2D3620A90A8B000FAACB /* Supporting Files */ = {
			isa = PBXGroup;
			children = (
				3FEE2D3720A90A8B000FAACB /* main.m */,
			);
			name = "Supporting Files";
			sourceTree = "<group>";
		};
		3FEE2D4920A90A8B000FAACB /* NSSplitView使用Tests */ = {
			isa = PBXGroup;
			children = (
				3FEE2D4A20A90A8B000FAACB /* NSSplitView__Tests.m */,
				3FEE2D4C20A90A8B000FAACB /* Info.plist */,
			);
			path = "NSSplitView使用Tests";
			sourceTree = "<group>";
		};
		3FEE2D5420A90A8B000FAACB /* NSSplitView使用UITests */ = {
			isa = PBXGroup;
			children = (
				3FEE2D5520A90A8B000FAACB /* NSSplitView__UITests.m */,
				3FEE2D5720A90A8B000FAACB /* Info.plist */,
			);
			path = "NSSplitView使用UITests";
			sourceTree = "<group>";
		};
/* End PBXGroup section */

/* Begin PBXNativeTarget section */
		3FEE2D2F20A90A8B000FAACB /* NSSplitView使用 */ = {
			isa = PBXNativeTarget;
			buildConfigurationList = 3FEE2D5A20A90A8B000FAACB /* Build configuration list for PBXNativeTarget "NSSplitView使用" */;
			buildPhases = (
				3FEE2D2C20A90A8B000FAACB /* Sources */,
				3FEE2D2D20A90A8B000FAACB /* Frameworks */,
				3FEE2D2E20A90A8B000FAACB /* Resources */,
			);
			buildRules = (
			);
			dependencies = (
			);
			name = "NSSplitView使用";
			productName = "NSSplitView使用";
			productReference = 3FEE2D3020A90A8B000FAACB /* NSSplitView使用.app */;
			productType = "com.apple.product-type.application";
		};
		3FEE2D4520A90A8B000FAACB /* NSSplitView使用Tests */ = {
			isa = PBXNativeTarget;
			buildConfigurationList = 3FEE2D5D20A90A8B000FAACB /* Build configuration list for PBXNativeTarget "NSSplitView使用Tests" */;
			buildPhases = (
				3FEE2D4220A90A8B000FAACB /* Sources */,
				3FEE2D4320A90A8B000FAACB /* Frameworks */,
				3FEE2D4420A90A8B000FAACB /* Resources */,
			);
			buildRules = (
			);
			dependencies = (
				3FEE2D4820A90A8B000FAACB /* PBXTargetDependency */,
			);
			name = "NSSplitView使用Tests";
			productName = "NSSplitView使用Tests";
			productReference = 3FEE2D4620A90A8B000FAACB /* NSSplitView使用Tests.xctest */;
			productType = "com.apple.product-type.bundle.unit-test";
		};
		3FEE2D5020A90A8B000FAACB /* NSSplitView使用UITests */ = {
			isa = PBXNativeTarget;
			buildConfigurationList = 3FEE2D6020A90A8B000FAACB /* Build configuration list for PBXNativeTarget "NSSplitView使用UITests" */;
			buildPhases = (
				3FEE2D4D20A90A8B000FAACB /* Sources */,
				3FEE2D4E20A90A8B000FAACB /* Frameworks */,
				3FEE2D4F20A90A8B000FAACB /* Resources */,
			);
			buildRules = (
			);
			dependencies = (
				3FEE2D5320A90A8B000FAACB /* PBXTargetDependency */,
			);
			name = "NSSplitView使用UITests";
			productName = "NSSplitView使用UITests";
			productReference = 3FEE2D5120A90A8B000FAACB /* NSSplitView使用UITests.xctest */;
			productType = "com.apple.product-type.bundle.ui-testing";
		};
/* End PBXNativeTarget section */

/* Begin PBXProject section */
		3FEE2D2820A90A8B000FAACB /* Project object */ = {
			isa = PBXProject;
			attributes = {
				LastUpgradeCheck = 0830;
				ORGANIZATIONNAME = student;
				TargetAttributes = {
					3FEE2D2F20A90A8B000FAACB = {
						CreatedOnToolsVersion = 8.3;
						ProvisioningStyle = Automatic;
					};
					3FEE2D4520A90A8B000FAACB = {
						CreatedOnToolsVersion = 8.3;
						ProvisioningStyle = Automatic;
						TestTargetID = 3FEE2D2F20A90A8B000FAACB;
					};
					3FEE2D5020A90A8B000FAACB = {
						CreatedOnToolsVersion = 8.3;
						ProvisioningStyle = Automatic;
						TestTargetID = 3FEE2D2F20A90A8B000FAACB;
					};
				};
			};
			buildConfigurationList = 3FEE2D2B20A90A8B000FAACB /* Build configuration list for PBXProject "NSSplitView使用" */;
			compatibilityVersion = "Xcode 3.2";
			developmentRegion = English;
			hasScannedForEncodings = 0;
			knownRegions = (
				en,
				Base,
			);
			mainGroup = 3FEE2D2720A90A8B000FAACB;
			productRefGroup = 3FEE2D3120A90A8B000FAACB /* Products */;
			projectDirPath = "";
			projectRoot = "";
			targets = (
				3FEE2D2F20A90A8B000FAACB /* NSSplitView使用 */,
				3FEE2D4520A90A8B000FAACB /* NSSplitView使用Tests */,
				3FEE2D5020A90A8B000FAACB /* NSSplitView使用UITests */,
			);
		};
/* End PBXProject section */

/* Begin PBXResourcesBuildPhase section */
		3FEE2D2E20A90A8B000FAACB /* Resources */ = {
			isa = PBXResourcesBuildPhase;
			buildActionMask = 2147483647;
			files = (
				3FEE2D3D20A90A8B000FAACB /* Assets.xcassets in Resources */,
				3FEE2D4020A90A8B000FAACB /* Main.storyboard in Resources */,
			);
			runOnlyForDeploymentPostprocessing = 0;
		};
		3FEE2D4420A90A8B000FAACB /* Resources */ = {
			isa = PBXResourcesBuildPhase;
			buildActionMask = 2147483647;
			files = (
			);
			runOnlyForDeploymentPostprocessing = 0;
		};
		3FEE2D4F20A90A8B000FAACB /* Resources */ = {
			isa = PBXResourcesBuildPhase;
			buildActionMask = 2147483647;
			files = (
			);
			runOnlyForDeploymentPostprocessing = 0;
		};
/* End PBXResourcesBuildPhase section */

/* Begin PBXSourcesBuildPhase section */
		3FEE2D2C20A90A8B000FAACB /* Sources */ = {
			isa = PBXSourcesBuildPhase;
			buildActionMask = 2147483647;
			files = (
				3FEE2D3B20A90A8B000FAACB /* ViewController.m in Sources */,
				3FEE2D3820A90A8B000FAACB /* main.m in Sources */,
				3FEE2D3520A90A8B000FAACB /* AppDelegate.m in Sources */,
			);
			runOnlyForDeploymentPostprocessing = 0;
		};
		3FEE2D4220A90A8B000FAACB /* Sources */ = {
			isa = PBXSourcesBuildPhase;
			buildActionMask = 2147483647;
			files = (
				3FEE2D4B20A90A8B000FAACB /* NSSplitView__Tests.m in Sources */,
			);
			runOnlyForDeploymentPostprocessing = 0;
		};
		3FEE2D4D20A90A8B000FAACB /* Sources */ = {
			isa = PBXSourcesBuildPhase;
			buildActionMask = 2147483647;
			files = (
				3FEE2D5620A90A8B000FAACB /* NSSplitView__UITests.m in Sources */,
			);
			runOnlyForDeploymentPostprocessing = 0;
		};
/* End PBXSourcesBuildPhase section */

/* Begin PBXTargetDependency section */
		3FEE2D4820A90A8B000FAACB /* PBXTargetDependency */ = {
			isa = PBXTargetDependency;
			target = 3FEE2D2F20A90A8B000FAACB /* NSSplitView使用 */;
			targetProxy = 3FEE2D4720A90A8B000FAACB /* PBXContainerItemProxy */;
		};
		3FEE2D5320A90A8B000FAACB /* PBXTargetDependency */ = {
			isa = PBXTargetDependency;
			target = 3FEE2D2F20A90A8B000FAACB /* NSSplitView使用 */;
			targetProxy = 3FEE2D5220A90A8B000FAACB /* PBXContainerItemProxy */;
		};
/* End PBXTargetDependency section */

/* Begin PBXVariantGroup section */
		3FEE2D3E20A90A8B000FAACB /* Main.storyboard */ = {
			isa = PBXVariantGroup;
			children = (
				3FEE2D3F20A90A8B000FAACB /* Base */,
			);
			name = Main.storyboard;
			sourceTree = "<group>";
		};
/* End PBXVariantGroup section */

/* Begin XCBuildConfiguration section */
		3FEE2D5820A90A8B000FAACB /* Debug */ = {
			isa = XCBuildConfiguration;
			buildSettings = {
				ALWAYS_SEARCH_USER_PATHS = NO;
				CLANG_ANALYZER_NONNULL = YES;
				CLANG_ANALYZER_NUMBER_OBJECT_CONVERSION = YES_AGGRESSIVE;
				CLANG_CXX_LANGUAGE_STANDARD = "gnu++0x";
				CLANG_CXX_LIBRARY = "libc++";
				CLANG_ENABLE_MODULES = YES;
				CLANG_ENABLE_OBJC_ARC = YES;
				CLANG_WARN_BOOL_CONVERSION = YES;
				CLANG_WARN_CONSTANT_CONVERSION = YES;
				CLANG_WARN_DIRECT_OBJC_ISA_USAGE = YES_ERROR;
				CLANG_WARN_DOCUMENTATION_COMMENTS = YES;
				CLANG_WARN_EMPTY_BODY = YES;
				CLANG_WARN_ENUM_CONVERSION = YES;
				CLANG_WARN_INFINITE_RECURSION = YES;
				CLANG_WARN_INT_CONVERSION = YES;
				CLANG_WARN_OBJC_ROOT_CLASS = YES_ERROR;
				CLANG_WARN_SUSPICIOUS_MOVE = YES;
				CLANG_WARN_UNREACHABLE_CODE = YES;
				CLANG_WARN__DUPLICATE_METHOD_MATCH = YES;
				CODE_SIGN_IDENTITY = "-";
				COPY_PHASE_STRIP = NO;
				DEBUG_INFORMATION_FORMAT = dwarf;
				ENABLE_STRICT_OBJC_MSGSEND = YES;
				ENABLE_TESTABILITY = YES;
				GCC_C_LANGUAGE_STANDARD = gnu99;
				GCC_DYNAMIC_NO_PIC = NO;
				GCC_NO_COMMON_BLOCKS = YES;
				GCC_OPTIMIZATION_LEVEL = 0;
				GCC_PREPROCESSOR_DEFINITIONS = (
					"DEBUG=1",
					"$(inherited)",
				);
				GCC_WARN_64_TO_32_BIT_CONVERSION = YES;
				GCC_WARN_ABOUT_RETURN_TYPE = YES_ERROR;
				GCC_WARN_UNDECLARED_SELECTOR = YES;
				GCC_WARN_UNINITIALIZED_AUTOS = YES_AGGRESSIVE;
				GCC_WARN_UNUSED_FUNCTION = YES;
				GCC_WARN_UNUSED_VARIABLE = YES;
				MACOSX_DEPLOYMENT_TARGET = 10.12;
				MTL_ENABLE_DEBUG_INFO = YES;
				ONLY_ACTIVE_ARCH = YES;
				SDKROOT = macosx;
			};
			name = Debug;
		};
		3FEE2D5920A90A8B000FAACB /* Release */ = {
			isa = XCBuildConfiguration;
			buildSettings = {
				ALWAYS_SEARCH_USER_PATHS = NO;
				CLANG_ANALYZER_NONNULL = YES;
				CLANG_ANALYZER_NUMBER_OBJECT_CONVERSION = YES_AGGRESSIVE;
				CLANG_CXX_LANGUAGE_STANDARD = "gnu++0x";
				CLANG_CXX_LIBRARY = "libc++";
				CLANG_ENABLE_MODULES = YES;
				CLANG_ENABLE_OBJC_ARC = YES;
				CLANG_WARN_BOOL_CONVERSION = YES;
				CLANG_WARN_CONSTANT_CONVERSION = YES;
				CLANG_WARN_DIRECT_OBJC_ISA_USAGE = YES_ERROR;
				CLANG_WARN_DOCUMENTATION_COMMENTS = YES;
				CLANG_WARN_EMPTY_BODY = YES;
				CLANG_WARN_ENUM_CONVERSION = YES;
				CLANG_WARN_INFINITE_RECURSION = YES;
				CLANG_WARN_INT_CONVERSION = YES;
				CLANG_WARN_OBJC_ROOT_CLASS = YES_ERROR;
				CLANG_WARN_SUSPICIOUS_MOVE = YES;
				CLANG_WARN_UNREACHABLE_CODE = YES;
				CLANG_WARN__DUPLICATE_METHOD_MATCH = YES;
				CODE_SIGN_IDENTITY = "-";
				COPY_PHASE_STRIP = NO;
				DEBUG_INFORMATION_FORMAT = "dwarf-with-dsym";
				ENABLE_NS_ASSERTIONS = NO;
				ENABLE_STRICT_OBJC_MSGSEND = YES;
				GCC_C_LANGUAGE_STANDARD = gnu99;
				GCC_NO_COMMON_BLOCKS = YES;
				GCC_WARN_64_TO_32_BIT_CONVERSION = YES;
				GCC_WARN_ABOUT_RETURN_TYPE = YES_ERROR;
				GCC_WARN_UNDECLARED_SELECTOR = YES;
				GCC_WARN_UNINITIALIZED_AUTOS = YES_AGGRESSIVE;
				GCC_WARN_UNUSED_FUNCTION = YES;
				GCC_WARN_UNUSED_VARIABLE = YES;
				MACOSX_DEPLOYMENT_TARGET = 10.12;
				MTL_ENABLE_DEBUG_INFO = NO;
				SDKROOT = macosx;
			};
			name = Release;
		};
		3FEE2D5B20A90A8B000FAACB /* Debug */ = {
			isa = XCBuildConfiguration;
			buildSettings = {
				ASSETCATALOG_COMPILER_APPICON_NAME = AppIcon;
				COMBINE_HIDPI_IMAGES = YES;
				INFOPLIST_FILE = "NSSplitView使用/Info.plist";
				LD_RUNPATH_SEARCH_PATHS = "$(inherited) @executable_path/../Frameworks";
				PRODUCT_BUNDLE_IDENTIFIER = "cn.edu.abc.NSSplitView--";
				PRODUCT_NAME = "$(TARGET_NAME)";
			};
			name = Debug;
		};
		3FEE2D5C20A90A8B000FAACB /* Release */ = {
			isa = XCBuildConfiguration;
			buildSettings = {
				ASSETCATALOG_COMPILER_APPICON_NAME = AppIcon;
				COMBINE_HIDPI_IMAGES = YES;
				INFOPLIST_FILE = "NSSplitView使用/Info.plist";
				LD_RUNPATH_SEARCH_PATHS = "$(inherited) @executable_path/../Frameworks";
				PRODUCT_BUNDLE_IDENTIFIER = "cn.edu.abc.NSSplitView--";
				PRODUCT_NAME = "$(TARGET_NAME)";
			};
			name = Release;
		};
		3FEE2D5E20A90A8B000FAACB /* Debug */ = {
			isa = XCBuildConfiguration;
			buildSettings = {
				BUNDLE_LOADER = "$(TEST_HOST)";
				COMBINE_HIDPI_IMAGES = YES;
				INFOPLIST_FILE = "NSSplitView使用Tests/Info.plist";
				LD_RUNPATH_SEARCH_PATHS = "$(inherited) @executable_path/../Frameworks @loader_path/../Frameworks";
				PRODUCT_BUNDLE_IDENTIFIER = "cn.edu.abc.NSSplitView--Tests";
				PRODUCT_NAME = "$(TARGET_NAME)";
				TEST_HOST = "$(BUILT_PRODUCTS_DIR)/NSSplitView使用.app/Contents/MacOS/NSSplitView使用";
			};
			name = Debug;
		};
		3FEE2D5F20A90A8B000FAACB /* Release */ = {
			isa = XCBuildConfiguration;
			buildSettings = {
				BUNDLE_LOADER = "$(TEST_HOST)";
				COMBINE_HIDPI_IMAGES = YES;
				INFOPLIST_FILE = "NSSplitView使用Tests/Info.plist";
				LD_RUNPATH_SEARCH_PATHS = "$(inherited) @executable_path/../Frameworks @loader_path/../Frameworks";
				PRODUCT_BUNDLE_IDENTIFIER = "cn.edu.abc.NSSplitView--Tests";
				PRODUCT_NAME = "$(TARGET_NAME)";
				TEST_HOST = "$(BUILT_PRODUCTS_DIR)/NSSplitView使用.app/Contents/MacOS/NSSplitView使用";
			};
			name = Release;
		};
		3FEE2D6120A90A8B000FAACB /* Debug */ = {
			isa = XCBuildConfiguration;
			buildSettings = {
				COMBINE_HIDPI_IMAGES = YES;
				INFOPLIST_FILE = "NSSplitView使用UITests/Info.plist";
				LD_RUNPATH_SEARCH_PATHS = "$(inherited) @executable_path/../Frameworks @loader_path/../Frameworks";
				PRODUCT_BUNDLE_IDENTIFIER = "cn.edu.abc.NSSplitView--UITests";
				PRODUCT_NAME = "$(TARGET_NAME)";
				TEST_TARGET_NAME = "NSSplitView使用";
			};
			name = Debug;
		};
		3FEE2D6220A90A8B000FAACB /* Release */ = {
			isa = XCBuildConfiguration;
			buildSettings = {
				COMBINE_HIDPI_IMAGES = YES;
				INFOPLIST_FILE = "NSSplitView使用UITests/Info.plist";
				LD_RUNPATH_SEARCH_PATHS = "$(inherited) @executable_path/../Frameworks @loader_path/../Frameworks";
				PRODUCT_BUNDLE_IDENTIFIER = "cn.edu.abc.NSSplitView--UITests";
				PRODUCT_NAME = "$(TARGET_NAME)";
				TEST_TARGET_NAME = "NSSplitView使用";
			};
			name = Release;
		};
/* End XCBuildConfiguration section */

/* Begin XCConfigurationList section */
		3FEE2D2B20A90A8B000FAACB /* Build configuration list for PBXProject "NSSplitView使用" */ = {
			isa = XCConfigurationList;
			buildConfigurations = (
				3FEE2D5820A90A8B000FAACB /* Debug */,
				3FEE2D5920A90A8B000FAACB /* Release */,
			);
			defaultConfigurationIsVisible = 0;
			defaultConfigurationName = Release;
		};
		3FEE2D5A20A90A8B000FAACB /* Build configuration list for PBXNativeTarget "NSSplitView使用" */ = {
			isa = XCConfigurationList;
			buildConfigurations = (
				3FEE2D5B20A90A8B000FAACB /* Debug */,
				3FEE2D5C20A90A8B000FAACB /* Release */,
			);
			defaultConfigurationIsVisible = 0;
		};
		3FEE2D5D20A90A8B000FAACB /* Build configuration list for PBXNativeTarget "NSSplitView使用Tests" */ = {
			isa = XCConfigurationList;
			buildConfigurations = (
				3FEE2D5E20A90A8B000FAACB /* Debug */,
				3FEE2D5F20A90A8B000FAACB /* Release */,
			);
			defaultConfigurationIsVisible = 0;
		};
		3FEE2D6020A90A8B000FAACB /* Build configuration list for PBXNativeTarget "NSSplitView使用UITests" */ = {
			isa = XCConfigurationList;
			buildConfigurations = (
				3FEE2D6120A90A8B000FAACB /* Debug */,
				3FEE2D6220A90A8B000FAACB /* Release */,
			);
			defaultConfigurationIsVisible = 0;
		};
/* End XCConfigurationList section */
	};
	rootObject = 3FEE2D2820A90A8B000FAACB /* Project object */;
}
